// !$*UTF8*$!
{
	archiveVersion = 1;
	classes = {
	};
	objectVersion = 46;
	objects = {

/* Begin PBXBuildFile section */
		19408E486495AC3205DAFC6C /* libPods.a in Frameworks */ = {isa = PBXBuildFile; fileRef = C260A894172C25BFD633A2A9 /* libPods.a */; };
		24EAA0071CE38DAB0098755D /* ADRuntimeClass.m in Sources */ = {isa = PBXBuildFile; fileRef = 24EA9FFC1CE38DAB0098755D /* ADRuntimeClass.m */; };
		24EAA0081CE38DAB0098755D /* ADWebviewController.m in Sources */ = {isa = PBXBuildFile; fileRef = 24EA9FFE1CE38DAB0098755D /* ADWebviewController.m */; };
		24EAA0091CE38DAB0098755D /* NSString+Sha1.m in Sources */ = {isa = PBXBuildFile; fileRef = 24EAA0001CE38DAB0098755D /* NSString+Sha1.m */; };
		24EAA00A1CE38DAB0098755D /* Reachability.m in Sources */ = {isa = PBXBuildFile; fileRef = 24EAA0021CE38DAB0098755D /* Reachability.m */; };
		24EAA00B1CE38DAB0098755D /* RNCachingURLProtocol.m in Sources */ = {isa = PBXBuildFile; fileRef = 24EAA0041CE38DAB0098755D /* RNCachingURLProtocol.m */; };
		24EAA00C1CE38DAB0098755D /* TOWebViewController+QRCodeHelper.m in Sources */ = {isa = PBXBuildFile; fileRef = 24EAA0061CE38DAB0098755D /* TOWebViewController+QRCodeHelper.m */; };
		6021B2541CB80558003D2353 /* main.m in Sources */ = {isa = PBXBuildFile; fileRef = 6021B2531CB80558003D2353 /* main.m */; };
		6021B2571CB80558003D2353 /* AppDelegate.m in Sources */ = {isa = PBXBuildFile; fileRef = 6021B2561CB80558003D2353 /* AppDelegate.m */; };
		6021B2601CB80558003D2353 /* BiaoQingBao.xcdatamodeld in Sources */ = {isa = PBXBuildFile; fileRef = 6021B25E1CB80558003D2353 /* BiaoQingBao.xcdatamodeld */; };
		6021B2621CB80558003D2353 /* Assets.xcassets in Resources */ = {isa = PBXBuildFile; fileRef = 6021B2611CB80558003D2353 /* Assets.xcassets */; };
		6021B26E1CB8072C003D2353 /* BaseViewController.m in Sources */ = {isa = PBXBuildFile; fileRef = 6021B26D1CB8072C003D2353 /* BaseViewController.m */; };
		60756D3F1CC353F200CE8EC1 /* TencentOpenAPI.framework in Frameworks */ = {isa = PBXBuildFile; fileRef = 60756D3E1CC353F200CE8EC1 /* TencentOpenAPI.framework */; };
		60756D411CC354CA00CE8EC1 /* Security.framework in Frameworks */ = {isa = PBXBuildFile; fileRef = 60756D401CC354CA00CE8EC1 /* Security.framework */; };
		60756D431CC354DA00CE8EC1 /* libiconv.tbd in Frameworks */ = {isa = PBXBuildFile; fileRef = 60756D421CC354DA00CE8EC1 /* libiconv.tbd */; };
		60756D451CC354E800CE8EC1 /* CoreGraphics.framework in Frameworks */ = {isa = PBXBuildFile; fileRef = 60756D441CC354E800CE8EC1 /* CoreGraphics.framework */; };
		60756D471CC354FC00CE8EC1 /* libstdc++.tbd in Frameworks */ = {isa = PBXBuildFile; fileRef = 60756D461CC354FC00CE8EC1 /* libstdc++.tbd */; };
		60756D501CC36B5500CE8EC1 /* libWeChatSDK.a in Frameworks */ = {isa = PBXBuildFile; fileRef = 60756D4B1CC36B5500CE8EC1 /* libWeChatSDK.a */; };
		60756D511CC36B5500CE8EC1 /* read_me.txt in Resources */ = {isa = PBXBuildFile; fileRef = 60756D4C1CC36B5500CE8EC1 /* read_me.txt */; };
		607CC5421CBE9D420002ABD8 /* TOWebViewController+QRCodeHelper.m in Sources */ = {isa = PBXBuildFile; fileRef = 607CC5171CBE9D420002ABD8 /* TOWebViewController+QRCodeHelper.m */; };
		607CC5431CBE9D420002ABD8 /* AVDeviceQRController.m in Sources */ = {isa = PBXBuildFile; fileRef = 607CC51A1CBE9D420002ABD8 /* AVDeviceQRController.m */; };
		607CC5441CBE9D420002ABD8 /* QRCameraSwitchButton.m in Sources */ = {isa = PBXBuildFile; fileRef = 607CC51C1CBE9D420002ABD8 /* QRCameraSwitchButton.m */; };
		607CC5451CBE9D420002ABD8 /* QRCodeReader.m in Sources */ = {isa = PBXBuildFile; fileRef = 607CC51E1CBE9D420002ABD8 /* QRCodeReader.m */; };
		607CC5461CBE9D420002ABD8 /* QRCodeReaderAanimationLineView.m in Sources */ = {isa = PBXBuildFile; fileRef = 607CC5221CBE9D420002ABD8 /* QRCodeReaderAanimationLineView.m */; };
		607CC5471CBE9D420002ABD8 /* QRCodeReaderMaskView.m in Sources */ = {isa = PBXBuildFile; fileRef = 607CC5241CBE9D420002ABD8 /* QRCodeReaderMaskView.m */; };
		607CC5481CBE9D420002ABD8 /* QRCodeReaderView.m in Sources */ = {isa = PBXBuildFile; fileRef = 607CC5261CBE9D420002ABD8 /* QRCodeReaderView.m */; };
		607CC5491CBE9D420002ABD8 /* QRCodeReaderViewController.m in Sources */ = {isa = PBXBuildFile; fileRef = 607CC5281CBE9D420002ABD8 /* QRCodeReaderViewController.m */; };
		607CC54A1CBE9D420002ABD8 /* QRScanView.m in Sources */ = {isa = PBXBuildFile; fileRef = 607CC52A1CBE9D420002ABD8 /* QRScanView.m */; };
		607CC54B1CBE9D420002ABD8 /* QRCodeBottomLeft@2x.png in Resources */ = {isa = PBXBuildFile; fileRef = 607CC52C1CBE9D420002ABD8 /* QRCodeBottomLeft@2x.png */; };
		607CC54C1CBE9D420002ABD8 /* QRCodeBottomLeft@3x.png in Resources */ = {isa = PBXBuildFile; fileRef = 607CC52D1CBE9D420002ABD8 /* QRCodeBottomLeft@3x.png */; };
		607CC54D1CBE9D420002ABD8 /* QRCodeBottomRight@2x.png in Resources */ = {isa = PBXBuildFile; fileRef = 607CC52E1CBE9D420002ABD8 /* QRCodeBottomRight@2x.png */; };
		607CC54E1CBE9D420002ABD8 /* QRCodeBottomRight@3x.png in Resources */ = {isa = PBXBuildFile; fileRef = 607CC52F1CBE9D420002ABD8 /* QRCodeBottomRight@3x.png */; };
		607CC54F1CBE9D420002ABD8 /* QRCodeLine@2x.png in Resources */ = {isa = PBXBuildFile; fileRef = 607CC5301CBE9D420002ABD8 /* QRCodeLine@2x.png */; };
		607CC5501CBE9D420002ABD8 /* QRCodeLine@3x.png in Resources */ = {isa = PBXBuildFile; fileRef = 607CC5311CBE9D420002ABD8 /* QRCodeLine@3x.png */; };
		607CC5511CBE9D420002ABD8 /* QRCodeTopLeft@2x.png in Resources */ = {isa = PBXBuildFile; fileRef = 607CC5321CBE9D420002ABD8 /* QRCodeTopLeft@2x.png */; };
		607CC5521CBE9D420002ABD8 /* QRCodeTopLeft@3x.png in Resources */ = {isa = PBXBuildFile; fileRef = 607CC5331CBE9D420002ABD8 /* QRCodeTopLeft@3x.png */; };
		607CC5531CBE9D420002ABD8 /* QRCodeTopRight@2x.png in Resources */ = {isa = PBXBuildFile; fileRef = 607CC5341CBE9D420002ABD8 /* QRCodeTopRight@2x.png */; };
		607CC5541CBE9D420002ABD8 /* QRCodeTopRight@3x.png in Resources */ = {isa = PBXBuildFile; fileRef = 607CC5351CBE9D420002ABD8 /* QRCodeTopRight@3x.png */; };
		609A13951CBFEAE5002501CC /* CrawlersViewController.m in Sources */ = {isa = PBXBuildFile; fileRef = 609A13801CBFEAE5002501CC /* CrawlersViewController.m */; };
		609A13981CBFEAE5002501CC /* TFHpple.m in Sources */ = {isa = PBXBuildFile; fileRef = 609A13851CBFEAE5002501CC /* TFHpple.m */; };
		609A13991CBFEAE5002501CC /* TFHppleElement.m in Sources */ = {isa = PBXBuildFile; fileRef = 609A13871CBFEAE5002501CC /* TFHppleElement.m */; };
		609A139A1CBFEAE5002501CC /* XPathQuery.m in Sources */ = {isa = PBXBuildFile; fileRef = 609A13891CBFEAE5002501CC /* XPathQuery.m */; };
		609A13A11CBFEFB2002501CC /* CrawlersCollectionViewCell.m in Sources */ = {isa = PBXBuildFile; fileRef = 609A13A01CBFEFB2002501CC /* CrawlersCollectionViewCell.m */; };
		609A13A31CBFF5C2002501CC /* libxml2.tbd in Frameworks */ = {isa = PBXBuildFile; fileRef = 609A13A21CBFF5C2002501CC /* libxml2.tbd */; };
		609A13A51CBFF5DF002501CC /* libxml2.2.tbd in Frameworks */ = {isa = PBXBuildFile; fileRef = 609A13A41CBFF5DF002501CC /* libxml2.2.tbd */; };
		609A13A91CBFFB32002501CC /* CrawlerWebList.plist in Resources */ = {isa = PBXBuildFile; fileRef = 609A13A81CBFFB32002501CC /* CrawlerWebList.plist */; };
		60BB929D1CBA851300872C3A /* CoreText.framework in Frameworks */ = {isa = PBXBuildFile; fileRef = 60BB929C1CBA851300872C3A /* CoreText.framework */; };
		60BB929F1CBA851900872C3A /* CoreTelephony.framework in Frameworks */ = {isa = PBXBuildFile; fileRef = 60BB929E1CBA851900872C3A /* CoreTelephony.framework */; };
		60BB92A11CBA853300872C3A /* libc++.tbd in Frameworks */ = {isa = PBXBuildFile; fileRef = 60BB92A01CBA853300872C3A /* libc++.tbd */; };
		60BB92A31CBA853B00872C3A /* libz.tbd in Frameworks */ = {isa = PBXBuildFile; fileRef = 60BB92A21CBA853B00872C3A /* libz.tbd */; };
		60BB92A51CBA854500872C3A /* libsqlite3.tbd in Frameworks */ = {isa = PBXBuildFile; fileRef = 60BB92A41CBA854500872C3A /* libsqlite3.tbd */; };
		60BB92A71CBA855100872C3A /* SystemConfiguration.framework in Frameworks */ = {isa = PBXBuildFile; fileRef = 60BB92A61CBA855100872C3A /* SystemConfiguration.framework */; };
		60DEC5631CCCD004005A8F49 /* MyWebViewController.m in Sources */ = {isa = PBXBuildFile; fileRef = 60DEC5621CCCD004005A8F49 /* MyWebViewController.m */; };
		8816F3351CC8B9810010DBFB /* UserInfoManager.m in Sources */ = {isa = PBXBuildFile; fileRef = 8816F3341CC8B9810010DBFB /* UserInfoManager.m */; };
		88186D0B1CDDD717009DFC99 /* ServiceManager.m in Sources */ = {isa = PBXBuildFile; fileRef = 88186D071CDDD717009DFC99 /* ServiceManager.m */; };
		88186D0C1CDDD717009DFC99 /* ShareInstance.m in Sources */ = {isa = PBXBuildFile; fileRef = 88186D091CDDD717009DFC99 /* ShareInstance.m */; };
		88499F2F1CBBB3AB008E8487 /* FactoryJotViewController.m in Sources */ = {isa = PBXBuildFile; fileRef = 88499F2E1CBBB3AB008E8487 /* FactoryJotViewController.m */; };
		887D64CB1CE1E5DA00025CBD /* BrowserTableViewCell.xib in Resources */ = {isa = PBXBuildFile; fileRef = 887D64CA1CE1E5DA00025CBD /* BrowserTableViewCell.xib */; };
		887D64CD1CE1EA6600025CBD /* MakaShareItemView.xib in Resources */ = {isa = PBXBuildFile; fileRef = 887D64CC1CE1EA6600025CBD /* MakaShareItemView.xib */; };
		88AC44861CDE032B00154298 /* Localizable.strings in Resources */ = {isa = PBXBuildFile; fileRef = 88AC44881CDE032B00154298 /* Localizable.strings */; };
		88AC448F1CDE039F00154298 /* Launch Screen.storyboard in Resources */ = {isa = PBXBuildFile; fileRef = 88AC448B1CDE039F00154298 /* Launch Screen.storyboard */; };
		88C2774D1CDE156A00388B03 /* InfoPlist.strings in Resources */ = {isa = PBXBuildFile; fileRef = 88C2774F1CDE156A00388B03 /* InfoPlist.strings */; };
		88D1D64B1CE1A5A50003A64C /* BrowserViewController.m in Sources */ = {isa = PBXBuildFile; fileRef = 88D1D64A1CE1A5A50003A64C /* BrowserViewController.m */; };
		88D1D64E1CE1A5BB0003A64C /* IndexViewController.m in Sources */ = {isa = PBXBuildFile; fileRef = 88D1D64D1CE1A5BB0003A64C /* IndexViewController.m */; };
		88D1D6511CE1A60E0003A64C /* CollectionViewController.m in Sources */ = {isa = PBXBuildFile; fileRef = 88D1D6501CE1A60E0003A64C /* CollectionViewController.m */; };
		88D1D65A1CE1A7840003A64C /* MakaShareItemView.m in Sources */ = {isa = PBXBuildFile; fileRef = 88D1D6571CE1A7840003A64C /* MakaShareItemView.m */; };
		88D1D65B1CE1A7840003A64C /* MakaShareUtil.m in Sources */ = {isa = PBXBuildFile; fileRef = 88D1D6591CE1A7840003A64C /* MakaShareUtil.m */; };
		88D1D6621CE1ADEB0003A64C /* IndexListViewController.m in Sources */ = {isa = PBXBuildFile; fileRef = 88D1D6611CE1ADEB0003A64C /* IndexListViewController.m */; };
		88D1D6671CE1AFBA0003A64C /* SubListCollectionViewCell.m in Sources */ = {isa = PBXBuildFile; fileRef = 88D1D6641CE1AFBA0003A64C /* SubListCollectionViewCell.m */; };
		88D1D6681CE1AFBA0003A64C /* SubListViewController.m in Sources */ = {isa = PBXBuildFile; fileRef = 88D1D6661CE1AFBA0003A64C /* SubListViewController.m */; };
		88D1D66C1CE1B1B00003A64C /* SubListCollectionViewCell.xib in Resources */ = {isa = PBXBuildFile; fileRef = 88D1D66B1CE1B1B00003A64C /* SubListCollectionViewCell.xib */; };
		88D1D66F1CE1B1DA0003A64C /* SearchEmotionController.m in Sources */ = {isa = PBXBuildFile; fileRef = 88D1D66E1CE1B1DA0003A64C /* SearchEmotionController.m */; };
		88D1D6751CE1B21F0003A64C /* SearchEmotionCollectionReusableView.m in Sources */ = {isa = PBXBuildFile; fileRef = 88D1D6741CE1B21F0003A64C /* SearchEmotionCollectionReusableView.m */; };
		88D1D67C1CE1B24D0003A64C /* ListDetailViewController.m in Sources */ = {isa = PBXBuildFile; fileRef = 88D1D6771CE1B24D0003A64C /* ListDetailViewController.m */; };
		88D1D67D1CE1B24D0003A64C /* RssCollectionViewCell.m in Sources */ = {isa = PBXBuildFile; fileRef = 88D1D6791CE1B24D0003A64C /* RssCollectionViewCell.m */; };
		88D1D67E1CE1B24D0003A64C /* RssViewController.m in Sources */ = {isa = PBXBuildFile; fileRef = 88D1D67B1CE1B24D0003A64C /* RssViewController.m */; };
		88D1D6871CE1B2940003A64C /* AddFromAlbumCell.m in Sources */ = {isa = PBXBuildFile; fileRef = 88D1D6801CE1B2940003A64C /* AddFromAlbumCell.m */; };
		88D1D6881CE1B2940003A64C /* FullImageViewController.m in Sources */ = {isa = PBXBuildFile; fileRef = 88D1D6821CE1B2940003A64C /* FullImageViewController.m */; };
		88D1D6891CE1B2940003A64C /* FullScreenImageView.m in Sources */ = {isa = PBXBuildFile; fileRef = 88D1D6841CE1B2940003A64C /* FullScreenImageView.m */; };
		88D1D6901CE1B2CC0003A64C /* BrowserTableViewCell.m in Sources */ = {isa = PBXBuildFile; fileRef = 88D1D68E1CE1B2CC0003A64C /* BrowserTableViewCell.m */; };
		88D1D69D1CE1B77C0003A64C /* RssCollectionViewCell.xib in Resources */ = {isa = PBXBuildFile; fileRef = 88D1D69C1CE1B77C0003A64C /* RssCollectionViewCell.xib */; };
		88D1D69F1CE1B7BF0003A64C /* Main.storyboard in Resources */ = {isa = PBXBuildFile; fileRef = 88D1D69E1CE1B7BF0003A64C /* Main.storyboard */; };
		88D1D6AC1CE1D8760003A64C /* MyCollectionViewController.m in Sources */ = {isa = PBXBuildFile; fileRef = 88D1D6AB1CE1D8760003A64C /* MyCollectionViewController.m */; };
		88D1D6AE1CE1D8E00003A64C /* AddFromAlbumCell.xib in Resources */ = {isa = PBXBuildFile; fileRef = 88D1D6AD1CE1D8E00003A64C /* AddFromAlbumCell.xib */; };
		88E7E18D1CBE447400650890 /* backItemImage@2x.png in Resources */ = {isa = PBXBuildFile; fileRef = 88E7E1821CBE447400650890 /* backItemImage@2x.png */; };
		88E7E18E1CBE447400650890 /* backItemImage_hl@2x.png in Resources */ = {isa = PBXBuildFile; fileRef = 88E7E1831CBE447400650890 /* backItemImage_hl@2x.png */; };
		88E7E1911CBE447400650890 /* RxWebViewController.m in Sources */ = {isa = PBXBuildFile; fileRef = 88E7E18A1CBE447400650890 /* RxWebViewController.m */; };
		88E7E1921CBE447400650890 /* RxWebViewNavigationViewController.m in Sources */ = {isa = PBXBuildFile; fileRef = 88E7E18C1CBE447400650890 /* RxWebViewNavigationViewController.m */; };
		88E7E1951CBE456000650890 /* MyWebViewNavigationController.m in Sources */ = {isa = PBXBuildFile; fileRef = 88E7E1941CBE456000650890 /* MyWebViewNavigationController.m */; };
		88E9D1EC1CD2398200D66FEF /* RateManager.m in Sources */ = {isa = PBXBuildFile; fileRef = 88E9D1EB1CD2398200D66FEF /* RateManager.m */; };
		88FB2D951CD0AAEA00661689 /* ADRuntimeClass.m in Sources */ = {isa = PBXBuildFile; fileRef = 88FB2D8C1CD0AAEA00661689 /* ADRuntimeClass.m */; };
		88FB2D961CD0AAEA00661689 /* ADWebviewController.m in Sources */ = {isa = PBXBuildFile; fileRef = 88FB2D8E1CD0AAEA00661689 /* ADWebviewController.m */; };
		88FB2D971CD0AAEA00661689 /* NSString+Sha1.m in Sources */ = {isa = PBXBuildFile; fileRef = 88FB2D901CD0AAEA00661689 /* NSString+Sha1.m */; };
		88FB2D981CD0AAEA00661689 /* Reachability.m in Sources */ = {isa = PBXBuildFile; fileRef = 88FB2D921CD0AAEA00661689 /* Reachability.m */; };
		88FB2D991CD0AAEA00661689 /* RNCachingURLProtocol.m in Sources */ = {isa = PBXBuildFile; fileRef = 88FB2D941CD0AAEA00661689 /* RNCachingURLProtocol.m */; };
/* End PBXBuildFile section */

/* Begin PBXFileReference section */
		24EA9FFB1CE38DAB0098755D /* ADRuntimeClass.h */ = {isa = PBXFileReference; fileEncoding = 4; lastKnownFileType = sourcecode.c.h; path = ADRuntimeClass.h; sourceTree = "<group>"; };
		24EA9FFC1CE38DAB0098755D /* ADRuntimeClass.m */ = {isa = PBXFileReference; fileEncoding = 4; lastKnownFileType = sourcecode.c.objc; path = ADRuntimeClass.m; sourceTree = "<group>"; };
		24EA9FFD1CE38DAB0098755D /* ADWebviewController.h */ = {isa = PBXFileReference; fileEncoding = 4; lastKnownFileType = sourcecode.c.h; path = ADWebviewController.h; sourceTree = "<group>"; };
		24EA9FFE1CE38DAB0098755D /* ADWebviewController.m */ = {isa = PBXFileReference; fileEncoding = 4; lastKnownFileType = sourcecode.c.objc; path = ADWebviewController.m; sourceTree = "<group>"; };
		24EA9FFF1CE38DAB0098755D /* NSString+Sha1.h */ = {isa = PBXFileReference; fileEncoding = 4; lastKnownFileType = sourcecode.c.h; path = "NSString+Sha1.h"; sourceTree = "<group>"; };
		24EAA0001CE38DAB0098755D /* NSString+Sha1.m */ = {isa = PBXFileReference; fileEncoding = 4; lastKnownFileType = sourcecode.c.objc; path = "NSString+Sha1.m"; sourceTree = "<group>"; };
		24EAA0011CE38DAB0098755D /* Reachability.h */ = {isa = PBXFileReference; fileEncoding = 4; lastKnownFileType = sourcecode.c.h; path = Reachability.h; sourceTree = "<group>"; };
		24EAA0021CE38DAB0098755D /* Reachability.m */ = {isa = PBXFileReference; fileEncoding = 4; lastKnownFileType = sourcecode.c.objc; path = Reachability.m; sourceTree = "<group>"; };
		24EAA0031CE38DAB0098755D /* RNCachingURLProtocol.h */ = {isa = PBXFileReference; fileEncoding = 4; lastKnownFileType = sourcecode.c.h; path = RNCachingURLProtocol.h; sourceTree = "<group>"; };
		24EAA0041CE38DAB0098755D /* RNCachingURLProtocol.m */ = {isa = PBXFileReference; fileEncoding = 4; lastKnownFileType = sourcecode.c.objc; path = RNCachingURLProtocol.m; sourceTree = "<group>"; };
		24EAA0051CE38DAB0098755D /* TOWebViewController+QRCodeHelper.h */ = {isa = PBXFileReference; fileEncoding = 4; lastKnownFileType = sourcecode.c.h; path = "TOWebViewController+QRCodeHelper.h"; sourceTree = "<group>"; };
		24EAA0061CE38DAB0098755D /* TOWebViewController+QRCodeHelper.m */ = {isa = PBXFileReference; fileEncoding = 4; lastKnownFileType = sourcecode.c.objc; path = "TOWebViewController+QRCodeHelper.m"; sourceTree = "<group>"; };
		6021B24F1CB80558003D2353 /* BiaoQingBao.app */ = {isa = PBXFileReference; explicitFileType = wrapper.application; includeInIndex = 0; path = BiaoQingBao.app; sourceTree = BUILT_PRODUCTS_DIR; };
		6021B2531CB80558003D2353 /* main.m */ = {isa = PBXFileReference; lastKnownFileType = sourcecode.c.objc; path = main.m; sourceTree = "<group>"; };
		6021B2551CB80558003D2353 /* AppDelegate.h */ = {isa = PBXFileReference; lastKnownFileType = sourcecode.c.h; path = AppDelegate.h; sourceTree = "<group>"; };
		6021B2561CB80558003D2353 /* AppDelegate.m */ = {isa = PBXFileReference; lastKnownFileType = sourcecode.c.objc; path = AppDelegate.m; sourceTree = "<group>"; };
		6021B25F1CB80558003D2353 /* BiaoQingBao.xcdatamodel */ = {isa = PBXFileReference; lastKnownFileType = wrapper.xcdatamodel; path = BiaoQingBao.xcdatamodel; sourceTree = "<group>"; };
		6021B2611CB80558003D2353 /* Assets.xcassets */ = {isa = PBXFileReference; lastKnownFileType = folder.assetcatalog; path = Assets.xcassets; sourceTree = "<group>"; };
		6021B26C1CB8072C003D2353 /* BaseViewController.h */ = {isa = PBXFileReference; fileEncoding = 4; lastKnownFileType = sourcecode.c.h; name = BaseViewController.h; path = ../BaseViewController.h; sourceTree = "<group>"; };
		6021B26D1CB8072C003D2353 /* BaseViewController.m */ = {isa = PBXFileReference; fileEncoding = 4; lastKnownFileType = sourcecode.c.objc; name = BaseViewController.m; path = ../BaseViewController.m; sourceTree = "<group>"; };
		60756D3E1CC353F200CE8EC1 /* TencentOpenAPI.framework */ = {isa = PBXFileReference; lastKnownFileType = wrapper.framework; path = TencentOpenAPI.framework; sourceTree = "<group>"; };
		60756D401CC354CA00CE8EC1 /* Security.framework */ = {isa = PBXFileReference; lastKnownFileType = wrapper.framework; name = Security.framework; path = System/Library/Frameworks/Security.framework; sourceTree = SDKROOT; };
		60756D421CC354DA00CE8EC1 /* libiconv.tbd */ = {isa = PBXFileReference; lastKnownFileType = "sourcecode.text-based-dylib-definition"; name = libiconv.tbd; path = usr/lib/libiconv.tbd; sourceTree = SDKROOT; };
		60756D441CC354E800CE8EC1 /* CoreGraphics.framework */ = {isa = PBXFileReference; lastKnownFileType = wrapper.framework; name = CoreGraphics.framework; path = System/Library/Frameworks/CoreGraphics.framework; sourceTree = SDKROOT; };
		60756D461CC354FC00CE8EC1 /* libstdc++.tbd */ = {isa = PBXFileReference; lastKnownFileType = "sourcecode.text-based-dylib-definition"; name = "libstdc++.tbd"; path = "usr/lib/libstdc++.tbd"; sourceTree = SDKROOT; };
		60756D4B1CC36B5500CE8EC1 /* libWeChatSDK.a */ = {isa = PBXFileReference; lastKnownFileType = archive.ar; path = libWeChatSDK.a; sourceTree = "<group>"; };
		60756D4C1CC36B5500CE8EC1 /* read_me.txt */ = {isa = PBXFileReference; fileEncoding = 4; lastKnownFileType = text; path = read_me.txt; sourceTree = "<group>"; };
		60756D4D1CC36B5500CE8EC1 /* WechatAuthSDK.h */ = {isa = PBXFileReference; fileEncoding = 4; lastKnownFileType = sourcecode.c.h; path = WechatAuthSDK.h; sourceTree = "<group>"; };
		60756D4E1CC36B5500CE8EC1 /* WXApi.h */ = {isa = PBXFileReference; fileEncoding = 4; lastKnownFileType = sourcecode.c.h; path = WXApi.h; sourceTree = "<group>"; };
		60756D4F1CC36B5500CE8EC1 /* WXApiObject.h */ = {isa = PBXFileReference; fileEncoding = 4; lastKnownFileType = sourcecode.c.h; path = WXApiObject.h; sourceTree = "<group>"; };
		607CC5161CBE9D420002ABD8 /* TOWebViewController+QRCodeHelper.h */ = {isa = PBXFileReference; fileEncoding = 4; lastKnownFileType = sourcecode.c.h; path = "TOWebViewController+QRCodeHelper.h"; sourceTree = "<group>"; };
		607CC5171CBE9D420002ABD8 /* TOWebViewController+QRCodeHelper.m */ = {isa = PBXFileReference; fileEncoding = 4; lastKnownFileType = sourcecode.c.objc; path = "TOWebViewController+QRCodeHelper.m"; sourceTree = "<group>"; };
		607CC5191CBE9D420002ABD8 /* AVDeviceQRController.h */ = {isa = PBXFileReference; fileEncoding = 4; lastKnownFileType = sourcecode.c.h; path = AVDeviceQRController.h; sourceTree = "<group>"; };
		607CC51A1CBE9D420002ABD8 /* AVDeviceQRController.m */ = {isa = PBXFileReference; fileEncoding = 4; lastKnownFileType = sourcecode.c.objc; path = AVDeviceQRController.m; sourceTree = "<group>"; };
		607CC51B1CBE9D420002ABD8 /* QRCameraSwitchButton.h */ = {isa = PBXFileReference; fileEncoding = 4; lastKnownFileType = sourcecode.c.h; path = QRCameraSwitchButton.h; sourceTree = "<group>"; };
		607CC51C1CBE9D420002ABD8 /* QRCameraSwitchButton.m */ = {isa = PBXFileReference; fileEncoding = 4; lastKnownFileType = sourcecode.c.objc; path = QRCameraSwitchButton.m; sourceTree = "<group>"; };
		607CC51D1CBE9D420002ABD8 /* QRCodeReader.h */ = {isa = PBXFileReference; fileEncoding = 4; lastKnownFileType = sourcecode.c.h; path = QRCodeReader.h; sourceTree = "<group>"; };
		607CC51E1CBE9D420002ABD8 /* QRCodeReader.m */ = {isa = PBXFileReference; fileEncoding = 4; lastKnownFileType = sourcecode.c.objc; path = QRCodeReader.m; sourceTree = "<group>"; };
		607CC51F1CBE9D420002ABD8 /* QRCodeReaderDelegate.h */ = {isa = PBXFileReference; fileEncoding = 4; lastKnownFileType = sourcecode.c.h; path = QRCodeReaderDelegate.h; sourceTree = "<group>"; };
		607CC5211CBE9D420002ABD8 /* QRCodeReaderAanimationLineView.h */ = {isa = PBXFileReference; fileEncoding = 4; lastKnownFileType = sourcecode.c.h; path = QRCodeReaderAanimationLineView.h; sourceTree = "<group>"; };
		607CC5221CBE9D420002ABD8 /* QRCodeReaderAanimationLineView.m */ = {isa = PBXFileReference; fileEncoding = 4; lastKnownFileType = sourcecode.c.objc; path = QRCodeReaderAanimationLineView.m; sourceTree = "<group>"; };
		607CC5231CBE9D420002ABD8 /* QRCodeReaderMaskView.h */ = {isa = PBXFileReference; fileEncoding = 4; lastKnownFileType = sourcecode.c.h; path = QRCodeReaderMaskView.h; sourceTree = "<group>"; };
		607CC5241CBE9D420002ABD8 /* QRCodeReaderMaskView.m */ = {isa = PBXFileReference; fileEncoding = 4; lastKnownFileType = sourcecode.c.objc; path = QRCodeReaderMaskView.m; sourceTree = "<group>"; };
		607CC5251CBE9D420002ABD8 /* QRCodeReaderView.h */ = {isa = PBXFileReference; fileEncoding = 4; lastKnownFileType = sourcecode.c.h; path = QRCodeReaderView.h; sourceTree = "<group>"; };
		607CC5261CBE9D420002ABD8 /* QRCodeReaderView.m */ = {isa = PBXFileReference; fileEncoding = 4; lastKnownFileType = sourcecode.c.objc; path = QRCodeReaderView.m; sourceTree = "<group>"; };
		607CC5271CBE9D420002ABD8 /* QRCodeReaderViewController.h */ = {isa = PBXFileReference; fileEncoding = 4; lastKnownFileType = sourcecode.c.h; path = QRCodeReaderViewController.h; sourceTree = "<group>"; };
		607CC5281CBE9D420002ABD8 /* QRCodeReaderViewController.m */ = {isa = PBXFileReference; fileEncoding = 4; lastKnownFileType = sourcecode.c.objc; path = QRCodeReaderViewController.m; sourceTree = "<group>"; };
		607CC5291CBE9D420002ABD8 /* QRScanView.h */ = {isa = PBXFileReference; fileEncoding = 4; lastKnownFileType = sourcecode.c.h; path = QRScanView.h; sourceTree = "<group>"; };
		607CC52A1CBE9D420002ABD8 /* QRScanView.m */ = {isa = PBXFileReference; fileEncoding = 4; lastKnownFileType = sourcecode.c.objc; path = QRScanView.m; sourceTree = "<group>"; };
		607CC52C1CBE9D420002ABD8 /* QRCodeBottomLeft@2x.png */ = {isa = PBXFileReference; lastKnownFileType = image.png; path = "QRCodeBottomLeft@2x.png"; sourceTree = "<group>"; };
		607CC52D1CBE9D420002ABD8 /* QRCodeBottomLeft@3x.png */ = {isa = PBXFileReference; lastKnownFileType = image.png; path = "QRCodeBottomLeft@3x.png"; sourceTree = "<group>"; };
		607CC52E1CBE9D420002ABD8 /* QRCodeBottomRight@2x.png */ = {isa = PBXFileReference; lastKnownFileType = image.png; path = "QRCodeBottomRight@2x.png"; sourceTree = "<group>"; };
		607CC52F1CBE9D420002ABD8 /* QRCodeBottomRight@3x.png */ = {isa = PBXFileReference; lastKnownFileType = image.png; path = "QRCodeBottomRight@3x.png"; sourceTree = "<group>"; };
		607CC5301CBE9D420002ABD8 /* QRCodeLine@2x.png */ = {isa = PBXFileReference; lastKnownFileType = image.png; path = "QRCodeLine@2x.png"; sourceTree = "<group>"; };
		607CC5311CBE9D420002ABD8 /* QRCodeLine@3x.png */ = {isa = PBXFileReference; lastKnownFileType = image.png; path = "QRCodeLine@3x.png"; sourceTree = "<group>"; };
		607CC5321CBE9D420002ABD8 /* QRCodeTopLeft@2x.png */ = {isa = PBXFileReference; lastKnownFileType = image.png; path = "QRCodeTopLeft@2x.png"; sourceTree = "<group>"; };
		607CC5331CBE9D420002ABD8 /* QRCodeTopLeft@3x.png */ = {isa = PBXFileReference; lastKnownFileType = image.png; path = "QRCodeTopLeft@3x.png"; sourceTree = "<group>"; };
		607CC5341CBE9D420002ABD8 /* QRCodeTopRight@2x.png */ = {isa = PBXFileReference; lastKnownFileType = image.png; path = "QRCodeTopRight@2x.png"; sourceTree = "<group>"; };
		607CC5351CBE9D420002ABD8 /* QRCodeTopRight@3x.png */ = {isa = PBXFileReference; lastKnownFileType = image.png; path = "QRCodeTopRight@3x.png"; sourceTree = "<group>"; };
		609A137F1CBFEAE5002501CC /* CrawlersViewController.h */ = {isa = PBXFileReference; fileEncoding = 4; lastKnownFileType = sourcecode.c.h; path = CrawlersViewController.h; sourceTree = "<group>"; };
		609A13801CBFEAE5002501CC /* CrawlersViewController.m */ = {isa = PBXFileReference; fileEncoding = 4; lastKnownFileType = sourcecode.c.objc; path = CrawlersViewController.m; sourceTree = "<group>"; };
		609A13841CBFEAE5002501CC /* TFHpple.h */ = {isa = PBXFileReference; fileEncoding = 4; lastKnownFileType = sourcecode.c.h; path = TFHpple.h; sourceTree = "<group>"; };
		609A13851CBFEAE5002501CC /* TFHpple.m */ = {isa = PBXFileReference; fileEncoding = 4; lastKnownFileType = sourcecode.c.objc; path = TFHpple.m; sourceTree = "<group>"; };
		609A13861CBFEAE5002501CC /* TFHppleElement.h */ = {isa = PBXFileReference; fileEncoding = 4; lastKnownFileType = sourcecode.c.h; path = TFHppleElement.h; sourceTree = "<group>"; };
		609A13871CBFEAE5002501CC /* TFHppleElement.m */ = {isa = PBXFileReference; fileEncoding = 4; lastKnownFileType = sourcecode.c.objc; path = TFHppleElement.m; sourceTree = "<group>"; };
		609A13881CBFEAE5002501CC /* XPathQuery.h */ = {isa = PBXFileReference; fileEncoding = 4; lastKnownFileType = sourcecode.c.h; path = XPathQuery.h; sourceTree = "<group>"; };
		609A13891CBFEAE5002501CC /* XPathQuery.m */ = {isa = PBXFileReference; fileEncoding = 4; lastKnownFileType = sourcecode.c.objc; path = XPathQuery.m; sourceTree = "<group>"; };
		609A139F1CBFEFB2002501CC /* CrawlersCollectionViewCell.h */ = {isa = PBXFileReference; fileEncoding = 4; lastKnownFileType = sourcecode.c.h; path = CrawlersCollectionViewCell.h; sourceTree = "<group>"; };
		609A13A01CBFEFB2002501CC /* CrawlersCollectionViewCell.m */ = {isa = PBXFileReference; fileEncoding = 4; lastKnownFileType = sourcecode.c.objc; path = CrawlersCollectionViewCell.m; sourceTree = "<group>"; };
		609A13A21CBFF5C2002501CC /* libxml2.tbd */ = {isa = PBXFileReference; lastKnownFileType = "sourcecode.text-based-dylib-definition"; name = libxml2.tbd; path = usr/lib/libxml2.tbd; sourceTree = SDKROOT; };
		609A13A41CBFF5DF002501CC /* libxml2.2.tbd */ = {isa = PBXFileReference; lastKnownFileType = "sourcecode.text-based-dylib-definition"; name = libxml2.2.tbd; path = usr/lib/libxml2.2.tbd; sourceTree = SDKROOT; };
		609A13A81CBFFB32002501CC /* CrawlerWebList.plist */ = {isa = PBXFileReference; fileEncoding = 4; lastKnownFileType = text.plist.xml; path = CrawlerWebList.plist; sourceTree = "<group>"; };
		60BB90A41CB96C5E00872C3A /* CommonHeader.h */ = {isa = PBXFileReference; fileEncoding = 4; lastKnownFileType = sourcecode.c.h; name = CommonHeader.h; path = BiaoQingBao/CommonHeader.h; sourceTree = SOURCE_ROOT; };
		60BB929C1CBA851300872C3A /* CoreText.framework */ = {isa = PBXFileReference; lastKnownFileType = wrapper.framework; name = CoreText.framework; path = System/Library/Frameworks/CoreText.framework; sourceTree = SDKROOT; };
		60BB929E1CBA851900872C3A /* CoreTelephony.framework */ = {isa = PBXFileReference; lastKnownFileType = wrapper.framework; name = CoreTelephony.framework; path = System/Library/Frameworks/CoreTelephony.framework; sourceTree = SDKROOT; };
		60BB92A01CBA853300872C3A /* libc++.tbd */ = {isa = PBXFileReference; lastKnownFileType = "sourcecode.text-based-dylib-definition"; name = "libc++.tbd"; path = "usr/lib/libc++.tbd"; sourceTree = SDKROOT; };
		60BB92A21CBA853B00872C3A /* libz.tbd */ = {isa = PBXFileReference; lastKnownFileType = "sourcecode.text-based-dylib-definition"; name = libz.tbd; path = usr/lib/libz.tbd; sourceTree = SDKROOT; };
		60BB92A41CBA854500872C3A /* libsqlite3.tbd */ = {isa = PBXFileReference; lastKnownFileType = "sourcecode.text-based-dylib-definition"; name = libsqlite3.tbd; path = usr/lib/libsqlite3.tbd; sourceTree = SDKROOT; };
		60BB92A61CBA855100872C3A /* SystemConfiguration.framework */ = {isa = PBXFileReference; lastKnownFileType = wrapper.framework; name = SystemConfiguration.framework; path = System/Library/Frameworks/SystemConfiguration.framework; sourceTree = SDKROOT; };
		60DEC5611CCCD004005A8F49 /* MyWebViewController.h */ = {isa = PBXFileReference; fileEncoding = 4; lastKnownFileType = sourcecode.c.h; name = MyWebViewController.h; path = ../MyWebViewController.h; sourceTree = "<group>"; };
		60DEC5621CCCD004005A8F49 /* MyWebViewController.m */ = {isa = PBXFileReference; fileEncoding = 4; lastKnownFileType = sourcecode.c.objc; name = MyWebViewController.m; path = ../MyWebViewController.m; sourceTree = "<group>"; };
		8816F3331CC8B9810010DBFB /* UserInfoManager.h */ = {isa = PBXFileReference; fileEncoding = 4; lastKnownFileType = sourcecode.c.h; path = UserInfoManager.h; sourceTree = "<group>"; };
		8816F3341CC8B9810010DBFB /* UserInfoManager.m */ = {isa = PBXFileReference; fileEncoding = 4; lastKnownFileType = sourcecode.c.objc; path = UserInfoManager.m; sourceTree = "<group>"; };
		88186D071CDDD717009DFC99 /* ServiceManager.m */ = {isa = PBXFileReference; fileEncoding = 4; lastKnownFileType = sourcecode.c.objc; path = ServiceManager.m; sourceTree = "<group>"; };
		88186D081CDDD717009DFC99 /* ShareInstance.h */ = {isa = PBXFileReference; fileEncoding = 4; lastKnownFileType = sourcecode.c.h; path = ShareInstance.h; sourceTree = "<group>"; };
		88186D091CDDD717009DFC99 /* ShareInstance.m */ = {isa = PBXFileReference; fileEncoding = 4; lastKnownFileType = sourcecode.c.objc; path = ShareInstance.m; sourceTree = "<group>"; };
		88186D0A1CDDD717009DFC99 /* ServiceManager.h */ = {isa = PBXFileReference; fileEncoding = 4; lastKnownFileType = sourcecode.c.h; path = ServiceManager.h; sourceTree = "<group>"; };
		88499F2D1CBBB3AB008E8487 /* FactoryJotViewController.h */ = {isa = PBXFileReference; fileEncoding = 4; lastKnownFileType = sourcecode.c.h; path = FactoryJotViewController.h; sourceTree = "<group>"; };
		88499F2E1CBBB3AB008E8487 /* FactoryJotViewController.m */ = {isa = PBXFileReference; fileEncoding = 4; lastKnownFileType = sourcecode.c.objc; path = FactoryJotViewController.m; sourceTree = "<group>"; };
		887D64CA1CE1E5DA00025CBD /* BrowserTableViewCell.xib */ = {isa = PBXFileReference; fileEncoding = 4; lastKnownFileType = file.xib; path = BrowserTableViewCell.xib; sourceTree = "<group>"; };
		887D64CC1CE1EA6600025CBD /* MakaShareItemView.xib */ = {isa = PBXFileReference; fileEncoding = 4; lastKnownFileType = file.xib; path = MakaShareItemView.xib; sourceTree = "<group>"; };
		88AC44871CDE032B00154298 /* en */ = {isa = PBXFileReference; lastKnownFileType = text.plist.strings; name = en; path = en.lproj/Localizable.strings; sourceTree = "<group>"; };
		88AC448B1CDE039F00154298 /* Launch Screen.storyboard */ = {isa = PBXFileReference; fileEncoding = 4; lastKnownFileType = file.storyboard; path = "Launch Screen.storyboard"; sourceTree = "<group>"; };
		88AC449D1CDE03B900154298 /* zh-Hans */ = {isa = PBXFileReference; lastKnownFileType = text.plist.strings; name = "zh-Hans"; path = "zh-Hans.lproj/Localizable.strings"; sourceTree = "<group>"; };
		88AC449E1CDE03BE00154298 /* ja */ = {isa = PBXFileReference; lastKnownFileType = text.plist.strings; name = ja; path = ja.lproj/Localizable.strings; sourceTree = "<group>"; };
		88AC449F1CDE03C300154298 /* ko */ = {isa = PBXFileReference; lastKnownFileType = text.plist.strings; name = ko; path = ko.lproj/Localizable.strings; sourceTree = "<group>"; };
		88AC44A01CDE03EF00154298 /* es */ = {isa = PBXFileReference; lastKnownFileType = text.plist.strings; name = es; path = es.lproj/Localizable.strings; sourceTree = "<group>"; };
		88AC44A11CDE03F500154298 /* fr */ = {isa = PBXFileReference; lastKnownFileType = text.plist.strings; name = fr; path = fr.lproj/Localizable.strings; sourceTree = "<group>"; };
		88AC44A21CDE03F900154298 /* de */ = {isa = PBXFileReference; lastKnownFileType = text.plist.strings; name = de; path = de.lproj/Localizable.strings; sourceTree = "<group>"; };
		88AC44A31CDE041E00154298 /* it */ = {isa = PBXFileReference; lastKnownFileType = text.plist.strings; name = it; path = it.lproj/Localizable.strings; sourceTree = "<group>"; };
		88C2774E1CDE156A00388B03 /* en */ = {isa = PBXFileReference; lastKnownFileType = text.plist.strings; name = en; path = en.lproj/InfoPlist.strings; sourceTree = "<group>"; };
		88C277501CDE156C00388B03 /* zh-Hans */ = {isa = PBXFileReference; lastKnownFileType = text.plist.strings; name = "zh-Hans"; path = "zh-Hans.lproj/InfoPlist.strings"; sourceTree = "<group>"; };
		88C277511CDE156D00388B03 /* ja */ = {isa = PBXFileReference; lastKnownFileType = text.plist.strings; name = ja; path = ja.lproj/InfoPlist.strings; sourceTree = "<group>"; };
		88C277521CDE156E00388B03 /* ko */ = {isa = PBXFileReference; lastKnownFileType = text.plist.strings; name = ko; path = ko.lproj/InfoPlist.strings; sourceTree = "<group>"; };
		88C277531CDE156F00388B03 /* es */ = {isa = PBXFileReference; lastKnownFileType = text.plist.strings; name = es; path = es.lproj/InfoPlist.strings; sourceTree = "<group>"; };
		88C277541CDE157000388B03 /* fr */ = {isa = PBXFileReference; lastKnownFileType = text.plist.strings; name = fr; path = fr.lproj/InfoPlist.strings; sourceTree = "<group>"; };
		88C277551CDE157100388B03 /* de */ = {isa = PBXFileReference; lastKnownFileType = text.plist.strings; name = de; path = de.lproj/InfoPlist.strings; sourceTree = "<group>"; };
		88C277561CDE157200388B03 /* it */ = {isa = PBXFileReference; lastKnownFileType = text.plist.strings; name = it; path = it.lproj/InfoPlist.strings; sourceTree = "<group>"; };
		88D1D6491CE1A59E0003A64C /* BrowserViewController.h */ = {isa = PBXFileReference; fileEncoding = 4; lastKnownFileType = sourcecode.c.h; path = BrowserViewController.h; sourceTree = "<group>"; };
		88D1D64A1CE1A5A50003A64C /* BrowserViewController.m */ = {isa = PBXFileReference; fileEncoding = 4; lastKnownFileType = sourcecode.c.objc; path = BrowserViewController.m; sourceTree = "<group>"; };
		88D1D64C1CE1A5BB0003A64C /* IndexViewController.h */ = {isa = PBXFileReference; fileEncoding = 4; lastKnownFileType = sourcecode.c.h; path = IndexViewController.h; sourceTree = "<group>"; };
		88D1D64D1CE1A5BB0003A64C /* IndexViewController.m */ = {isa = PBXFileReference; fileEncoding = 4; lastKnownFileType = sourcecode.c.objc; path = IndexViewController.m; sourceTree = "<group>"; };
		88D1D64F1CE1A60E0003A64C /* CollectionViewController.h */ = {isa = PBXFileReference; fileEncoding = 4; lastKnownFileType = sourcecode.c.h; path = CollectionViewController.h; sourceTree = "<group>"; };
		88D1D6501CE1A60E0003A64C /* CollectionViewController.m */ = {isa = PBXFileReference; fileEncoding = 4; lastKnownFileType = sourcecode.c.objc; path = CollectionViewController.m; sourceTree = "<group>"; };
		88D1D6561CE1A7840003A64C /* MakaShareItemView.h */ = {isa = PBXFileReference; fileEncoding = 4; lastKnownFileType = sourcecode.c.h; path = MakaShareItemView.h; sourceTree = "<group>"; };
		88D1D6571CE1A7840003A64C /* MakaShareItemView.m */ = {isa = PBXFileReference; fileEncoding = 4; lastKnownFileType = sourcecode.c.objc; path = MakaShareItemView.m; sourceTree = "<group>"; };
		88D1D6581CE1A7840003A64C /* MakaShareUtil.h */ = {isa = PBXFileReference; fileEncoding = 4; lastKnownFileType = sourcecode.c.h; path = MakaShareUtil.h; sourceTree = "<group>"; };
		88D1D6591CE1A7840003A64C /* MakaShareUtil.m */ = {isa = PBXFileReference; fileEncoding = 4; lastKnownFileType = sourcecode.c.objc; path = MakaShareUtil.m; sourceTree = "<group>"; };
		88D1D65E1CE1A84F0003A64C /* Info.plist */ = {isa = PBXFileReference; fileEncoding = 4; lastKnownFileType = text.plist.xml; path = Info.plist; sourceTree = "<group>"; };
		88D1D6601CE1ADEB0003A64C /* IndexListViewController.h */ = {isa = PBXFileReference; fileEncoding = 4; lastKnownFileType = sourcecode.c.h; path = IndexListViewController.h; sourceTree = "<group>"; };
		88D1D6611CE1ADEB0003A64C /* IndexListViewController.m */ = {isa = PBXFileReference; fileEncoding = 4; lastKnownFileType = sourcecode.c.objc; path = IndexListViewController.m; sourceTree = "<group>"; };
		88D1D6631CE1AFBA0003A64C /* SubListCollectionViewCell.h */ = {isa = PBXFileReference; fileEncoding = 4; lastKnownFileType = sourcecode.c.h; path = SubListCollectionViewCell.h; sourceTree = "<group>"; };
		88D1D6641CE1AFBA0003A64C /* SubListCollectionViewCell.m */ = {isa = PBXFileReference; fileEncoding = 4; lastKnownFileType = sourcecode.c.objc; path = SubListCollectionViewCell.m; sourceTree = "<group>"; };
		88D1D6651CE1AFBA0003A64C /* SubListViewController.h */ = {isa = PBXFileReference; fileEncoding = 4; lastKnownFileType = sourcecode.c.h; path = SubListViewController.h; sourceTree = "<group>"; };
		88D1D6661CE1AFBA0003A64C /* SubListViewController.m */ = {isa = PBXFileReference; fileEncoding = 4; lastKnownFileType = sourcecode.c.objc; path = SubListViewController.m; sourceTree = "<group>"; };
		88D1D66B1CE1B1B00003A64C /* SubListCollectionViewCell.xib */ = {isa = PBXFileReference; fileEncoding = 4; lastKnownFileType = file.xib; path = SubListCollectionViewCell.xib; sourceTree = "<group>"; };
		88D1D66D1CE1B1DA0003A64C /* SearchEmotionController.h */ = {isa = PBXFileReference; fileEncoding = 4; lastKnownFileType = sourcecode.c.h; path = SearchEmotionController.h; sourceTree = "<group>"; };
		88D1D66E1CE1B1DA0003A64C /* SearchEmotionController.m */ = {isa = PBXFileReference; fileEncoding = 4; lastKnownFileType = sourcecode.c.objc; path = SearchEmotionController.m; sourceTree = "<group>"; };
		88D1D6731CE1B21F0003A64C /* SearchEmotionCollectionReusableView.h */ = {isa = PBXFileReference; fileEncoding = 4; lastKnownFileType = sourcecode.c.h; path = SearchEmotionCollectionReusableView.h; sourceTree = "<group>"; };
		88D1D6741CE1B21F0003A64C /* SearchEmotionCollectionReusableView.m */ = {isa = PBXFileReference; fileEncoding = 4; lastKnownFileType = sourcecode.c.objc; path = SearchEmotionCollectionReusableView.m; sourceTree = "<group>"; };
		88D1D6761CE1B24D0003A64C /* ListDetailViewController.h */ = {isa = PBXFileReference; fileEncoding = 4; lastKnownFileType = sourcecode.c.h; path = ListDetailViewController.h; sourceTree = "<group>"; };
		88D1D6771CE1B24D0003A64C /* ListDetailViewController.m */ = {isa = PBXFileReference; fileEncoding = 4; lastKnownFileType = sourcecode.c.objc; path = ListDetailViewController.m; sourceTree = "<group>"; };
		88D1D6781CE1B24D0003A64C /* RssCollectionViewCell.h */ = {isa = PBXFileReference; fileEncoding = 4; lastKnownFileType = sourcecode.c.h; path = RssCollectionViewCell.h; sourceTree = "<group>"; };
		88D1D6791CE1B24D0003A64C /* RssCollectionViewCell.m */ = {isa = PBXFileReference; fileEncoding = 4; lastKnownFileType = sourcecode.c.objc; path = RssCollectionViewCell.m; sourceTree = "<group>"; };
		88D1D67A1CE1B24D0003A64C /* RssViewController.h */ = {isa = PBXFileReference; fileEncoding = 4; lastKnownFileType = sourcecode.c.h; path = RssViewController.h; sourceTree = "<group>"; };
		88D1D67B1CE1B24D0003A64C /* RssViewController.m */ = {isa = PBXFileReference; fileEncoding = 4; lastKnownFileType = sourcecode.c.objc; path = RssViewController.m; sourceTree = "<group>"; };
		88D1D67F1CE1B2940003A64C /* AddFromAlbumCell.h */ = {isa = PBXFileReference; fileEncoding = 4; lastKnownFileType = sourcecode.c.h; path = AddFromAlbumCell.h; sourceTree = "<group>"; };
		88D1D6801CE1B2940003A64C /* AddFromAlbumCell.m */ = {isa = PBXFileReference; fileEncoding = 4; lastKnownFileType = sourcecode.c.objc; path = AddFromAlbumCell.m; sourceTree = "<group>"; };
		88D1D6811CE1B2940003A64C /* FullImageViewController.h */ = {isa = PBXFileReference; fileEncoding = 4; lastKnownFileType = sourcecode.c.h; path = FullImageViewController.h; sourceTree = "<group>"; };
		88D1D6821CE1B2940003A64C /* FullImageViewController.m */ = {isa = PBXFileReference; fileEncoding = 4; lastKnownFileType = sourcecode.c.objc; path = FullImageViewController.m; sourceTree = "<group>"; };
		88D1D6831CE1B2940003A64C /* FullScreenImageView.h */ = {isa = PBXFileReference; fileEncoding = 4; lastKnownFileType = sourcecode.c.h; path = FullScreenImageView.h; sourceTree = "<group>"; };
		88D1D6841CE1B2940003A64C /* FullScreenImageView.m */ = {isa = PBXFileReference; fileEncoding = 4; lastKnownFileType = sourcecode.c.objc; path = FullScreenImageView.m; sourceTree = "<group>"; };
		88D1D68D1CE1B2CC0003A64C /* BrowserTableViewCell.h */ = {isa = PBXFileReference; fileEncoding = 4; lastKnownFileType = sourcecode.c.h; path = BrowserTableViewCell.h; sourceTree = "<group>"; };
		88D1D68E1CE1B2CC0003A64C /* BrowserTableViewCell.m */ = {isa = PBXFileReference; fileEncoding = 4; lastKnownFileType = sourcecode.c.objc; path = BrowserTableViewCell.m; sourceTree = "<group>"; };
		88D1D69C1CE1B77C0003A64C /* RssCollectionViewCell.xib */ = {isa = PBXFileReference; fileEncoding = 4; lastKnownFileType = file.xib; path = RssCollectionViewCell.xib; sourceTree = "<group>"; };
		88D1D69E1CE1B7BF0003A64C /* Main.storyboard */ = {isa = PBXFileReference; fileEncoding = 4; lastKnownFileType = file.storyboard; path = Main.storyboard; sourceTree = "<group>"; };
		88D1D6AA1CE1D8760003A64C /* MyCollectionViewController.h */ = {isa = PBXFileReference; fileEncoding = 4; lastKnownFileType = sourcecode.c.h; path = MyCollectionViewController.h; sourceTree = "<group>"; };
		88D1D6AB1CE1D8760003A64C /* MyCollectionViewController.m */ = {isa = PBXFileReference; fileEncoding = 4; lastKnownFileType = sourcecode.c.objc; path = MyCollectionViewController.m; sourceTree = "<group>"; };
		88D1D6AD1CE1D8E00003A64C /* AddFromAlbumCell.xib */ = {isa = PBXFileReference; fileEncoding = 4; lastKnownFileType = file.xib; path = AddFromAlbumCell.xib; sourceTree = "<group>"; };
		88E7E1821CBE447400650890 /* backItemImage@2x.png */ = {isa = PBXFileReference; lastKnownFileType = image.png; path = "backItemImage@2x.png"; sourceTree = "<group>"; };
		88E7E1831CBE447400650890 /* backItemImage_hl@2x.png */ = {isa = PBXFileReference; lastKnownFileType = image.png; path = "backItemImage_hl@2x.png"; sourceTree = "<group>"; };
		88E7E1891CBE447400650890 /* RxWebViewController.h */ = {isa = PBXFileReference; fileEncoding = 4; lastKnownFileType = sourcecode.c.h; path = RxWebViewController.h; sourceTree = "<group>"; };
		88E7E18A1CBE447400650890 /* RxWebViewController.m */ = {isa = PBXFileReference; fileEncoding = 4; lastKnownFileType = sourcecode.c.objc; path = RxWebViewController.m; sourceTree = "<group>"; };
		88E7E18B1CBE447400650890 /* RxWebViewNavigationViewController.h */ = {isa = PBXFileReference; fileEncoding = 4; lastKnownFileType = sourcecode.c.h; path = RxWebViewNavigationViewController.h; sourceTree = "<group>"; };
		88E7E18C1CBE447400650890 /* RxWebViewNavigationViewController.m */ = {isa = PBXFileReference; fileEncoding = 4; lastKnownFileType = sourcecode.c.objc; path = RxWebViewNavigationViewController.m; sourceTree = "<group>"; };
		88E7E1931CBE456000650890 /* MyWebViewNavigationController.h */ = {isa = PBXFileReference; fileEncoding = 4; lastKnownFileType = sourcecode.c.h; name = MyWebViewNavigationController.h; path = ../MyWebViewNavigationController.h; sourceTree = "<group>"; };
		88E7E1941CBE456000650890 /* MyWebViewNavigationController.m */ = {isa = PBXFileReference; fileEncoding = 4; lastKnownFileType = sourcecode.c.objc; name = MyWebViewNavigationController.m; path = ../MyWebViewNavigationController.m; sourceTree = "<group>"; };
		88E9D1EA1CD2398200D66FEF /* RateManager.h */ = {isa = PBXFileReference; fileEncoding = 4; lastKnownFileType = sourcecode.c.h; path = RateManager.h; sourceTree = "<group>"; };
		88E9D1EB1CD2398200D66FEF /* RateManager.m */ = {isa = PBXFileReference; fileEncoding = 4; lastKnownFileType = sourcecode.c.objc; path = RateManager.m; sourceTree = "<group>"; };
		88FB2D8B1CD0AAEA00661689 /* ADRuntimeClass.h */ = {isa = PBXFileReference; fileEncoding = 4; lastKnownFileType = sourcecode.c.h; path = ADRuntimeClass.h; sourceTree = "<group>"; };
		88FB2D8C1CD0AAEA00661689 /* ADRuntimeClass.m */ = {isa = PBXFileReference; fileEncoding = 4; lastKnownFileType = sourcecode.c.objc; path = ADRuntimeClass.m; sourceTree = "<group>"; };
		88FB2D8D1CD0AAEA00661689 /* ADWebviewController.h */ = {isa = PBXFileReference; fileEncoding = 4; lastKnownFileType = sourcecode.c.h; path = ADWebviewController.h; sourceTree = "<group>"; };
		88FB2D8E1CD0AAEA00661689 /* ADWebviewController.m */ = {isa = PBXFileReference; fileEncoding = 4; lastKnownFileType = sourcecode.c.objc; path = ADWebviewController.m; sourceTree = "<group>"; };
		88FB2D8F1CD0AAEA00661689 /* NSString+Sha1.h */ = {isa = PBXFileReference; fileEncoding = 4; lastKnownFileType = sourcecode.c.h; path = "NSString+Sha1.h"; sourceTree = "<group>"; };
		88FB2D901CD0AAEA00661689 /* NSString+Sha1.m */ = {isa = PBXFileReference; fileEncoding = 4; lastKnownFileType = sourcecode.c.objc; path = "NSString+Sha1.m"; sourceTree = "<group>"; };
		88FB2D911CD0AAEA00661689 /* Reachability.h */ = {isa = PBXFileReference; fileEncoding = 4; lastKnownFileType = sourcecode.c.h; path = Reachability.h; sourceTree = "<group>"; };
		88FB2D921CD0AAEA00661689 /* Reachability.m */ = {isa = PBXFileReference; fileEncoding = 4; lastKnownFileType = sourcecode.c.objc; path = Reachability.m; sourceTree = "<group>"; };
		88FB2D931CD0AAEA00661689 /* RNCachingURLProtocol.h */ = {isa = PBXFileReference; fileEncoding = 4; lastKnownFileType = sourcecode.c.h; path = RNCachingURLProtocol.h; sourceTree = "<group>"; };
		88FB2D941CD0AAEA00661689 /* RNCachingURLProtocol.m */ = {isa = PBXFileReference; fileEncoding = 4; lastKnownFileType = sourcecode.c.objc; path = RNCachingURLProtocol.m; sourceTree = "<group>"; };
		C260A894172C25BFD633A2A9 /* libPods.a */ = {isa = PBXFileReference; explicitFileType = archive.ar; includeInIndex = 0; path = libPods.a; sourceTree = BUILT_PRODUCTS_DIR; };
		CDC65A7F80B5D69DACC72F86 /* Pods.debug.xcconfig */ = {isa = PBXFileReference; includeInIndex = 1; lastKnownFileType = text.xcconfig; name = Pods.debug.xcconfig; path = "Pods/Target Support Files/Pods/Pods.debug.xcconfig"; sourceTree = "<group>"; };
		EC11DE4A1762CFDB331ACB00 /* Pods.release.xcconfig */ = {isa = PBXFileReference; includeInIndex = 1; lastKnownFileType = text.xcconfig; name = Pods.release.xcconfig; path = "Pods/Target Support Files/Pods/Pods.release.xcconfig"; sourceTree = "<group>"; };
/* End PBXFileReference section */

/* Begin PBXFrameworksBuildPhase section */
		6021B24C1CB80558003D2353 /* Frameworks */ = {
			isa = PBXFrameworksBuildPhase;
			buildActionMask = 2147483647;
			files = (
				60756D471CC354FC00CE8EC1 /* libstdc++.tbd in Frameworks */,
				60756D451CC354E800CE8EC1 /* CoreGraphics.framework in Frameworks */,
				60756D431CC354DA00CE8EC1 /* libiconv.tbd in Frameworks */,
				60756D411CC354CA00CE8EC1 /* Security.framework in Frameworks */,
				609A13A51CBFF5DF002501CC /* libxml2.2.tbd in Frameworks */,
				609A13A31CBFF5C2002501CC /* libxml2.tbd in Frameworks */,
				60BB92A71CBA855100872C3A /* SystemConfiguration.framework in Frameworks */,
				60BB92A51CBA854500872C3A /* libsqlite3.tbd in Frameworks */,
				60BB92A31CBA853B00872C3A /* libz.tbd in Frameworks */,
				60756D3F1CC353F200CE8EC1 /* TencentOpenAPI.framework in Frameworks */,
				60BB92A11CBA853300872C3A /* libc++.tbd in Frameworks */,
				60BB929F1CBA851900872C3A /* CoreTelephony.framework in Frameworks */,
				60BB929D1CBA851300872C3A /* CoreText.framework in Frameworks */,
				19408E486495AC3205DAFC6C /* libPods.a in Frameworks */,
				60756D501CC36B5500CE8EC1 /* libWeChatSDK.a in Frameworks */,
			);
			runOnlyForDeploymentPostprocessing = 0;
		};
/* End PBXFrameworksBuildPhase section */

/* Begin PBXGroup section */
		6021B2461CB80557003D2353 = {
			isa = PBXGroup;
			children = (
				60756D4A1CC36B5500CE8EC1 /* SDK1.6.2 */,
				60756D3E1CC353F200CE8EC1 /* TencentOpenAPI.framework */,
				6021B2511CB80558003D2353 /* BiaoQingBao */,
				6021B2501CB80558003D2353 /* Products */,
				F7E9E6FCE66DC04D2F96D8DF /* Pods */,
				73DECF72CB944DEF10215D65 /* Frameworks */,
			);
			sourceTree = "<group>";
		};
		6021B2501CB80558003D2353 /* Products */ = {
			isa = PBXGroup;
			children = (
				6021B24F1CB80558003D2353 /* BiaoQingBao.app */,
			);
			name = Products;
			sourceTree = "<group>";
		};
		6021B2511CB80558003D2353 /* BiaoQingBao */ = {
			isa = PBXGroup;
			children = (
				88D1D65E1CE1A84F0003A64C /* Info.plist */,
				6021B25E1CB80558003D2353 /* BiaoQingBao.xcdatamodeld */,
				6021B2551CB80558003D2353 /* AppDelegate.h */,
				6021B2561CB80558003D2353 /* AppDelegate.m */,
				88D1D6481CE1A5800003A64C /* VC */,
				88186D061CDDD70C009DFC99 /* Common */,
				6021B2611CB80558003D2353 /* Assets.xcassets */,
				88499F2D1CBBB3AB008E8487 /* FactoryJotViewController.h */,
				88499F2E1CBBB3AB008E8487 /* FactoryJotViewController.m */,
				886E1A3E1CBD17FF002FB168 /* Resources */,
				6021B2521CB80558003D2353 /* Supporting Files */,
			);
			path = BiaoQingBao;
			sourceTree = "<group>";
		};
		6021B2521CB80558003D2353 /* Supporting Files */ = {
			isa = PBXGroup;
			children = (
				6021B2531CB80558003D2353 /* main.m */,
			);
			name = "Supporting Files";
			sourceTree = "<group>";
		};
		60756D4A1CC36B5500CE8EC1 /* SDK1.6.2 */ = {
			isa = PBXGroup;
			children = (
				60756D4B1CC36B5500CE8EC1 /* libWeChatSDK.a */,
				60756D4C1CC36B5500CE8EC1 /* read_me.txt */,
				60756D4D1CC36B5500CE8EC1 /* WechatAuthSDK.h */,
				60756D4E1CC36B5500CE8EC1 /* WXApi.h */,
				60756D4F1CC36B5500CE8EC1 /* WXApiObject.h */,
			);
			path = SDK1.6.2;
			sourceTree = "<group>";
		};
		607CC50A1CBE9D420002ABD8 /* ADWebviewController */ = {
			isa = PBXGroup;
			children = (
				24EA9FFB1CE38DAB0098755D /* ADRuntimeClass.h */,
				24EA9FFC1CE38DAB0098755D /* ADRuntimeClass.m */,
				24EA9FFD1CE38DAB0098755D /* ADWebviewController.h */,
				24EA9FFE1CE38DAB0098755D /* ADWebviewController.m */,
				24EA9FFF1CE38DAB0098755D /* NSString+Sha1.h */,
				24EAA0001CE38DAB0098755D /* NSString+Sha1.m */,
				24EAA0011CE38DAB0098755D /* Reachability.h */,
				24EAA0021CE38DAB0098755D /* Reachability.m */,
				24EAA0031CE38DAB0098755D /* RNCachingURLProtocol.h */,
				24EAA0041CE38DAB0098755D /* RNCachingURLProtocol.m */,
				24EAA0051CE38DAB0098755D /* TOWebViewController+QRCodeHelper.h */,
				24EAA0061CE38DAB0098755D /* TOWebViewController+QRCodeHelper.m */,
				88FB2D8B1CD0AAEA00661689 /* ADRuntimeClass.h */,
				88FB2D8C1CD0AAEA00661689 /* ADRuntimeClass.m */,
				88FB2D8D1CD0AAEA00661689 /* ADWebviewController.h */,
				88FB2D8E1CD0AAEA00661689 /* ADWebviewController.m */,
				88FB2D8F1CD0AAEA00661689 /* NSString+Sha1.h */,
				88FB2D901CD0AAEA00661689 /* NSString+Sha1.m */,
				88FB2D911CD0AAEA00661689 /* Reachability.h */,
				88FB2D921CD0AAEA00661689 /* Reachability.m */,
				88FB2D931CD0AAEA00661689 /* RNCachingURLProtocol.h */,
				88FB2D941CD0AAEA00661689 /* RNCachingURLProtocol.m */,
				607CC5161CBE9D420002ABD8 /* TOWebViewController+QRCodeHelper.h */,
				607CC5171CBE9D420002ABD8 /* TOWebViewController+QRCodeHelper.m */,
			);
			name = ADWebviewController;
			path = ../ADWebviewController;
			sourceTree = "<group>";
		};
		607CC5181CBE9D420002ABD8 /* AVDeviceQR */ = {
			isa = PBXGroup;
			children = (
				607CC5191CBE9D420002ABD8 /* AVDeviceQRController.h */,
				607CC51A1CBE9D420002ABD8 /* AVDeviceQRController.m */,
				607CC51B1CBE9D420002ABD8 /* QRCameraSwitchButton.h */,
				607CC51C1CBE9D420002ABD8 /* QRCameraSwitchButton.m */,
				607CC51D1CBE9D420002ABD8 /* QRCodeReader.h */,
				607CC51E1CBE9D420002ABD8 /* QRCodeReader.m */,
				607CC51F1CBE9D420002ABD8 /* QRCodeReaderDelegate.h */,
				607CC5201CBE9D420002ABD8 /* QRCodeReaderView */,
				607CC5271CBE9D420002ABD8 /* QRCodeReaderViewController.h */,
				607CC5281CBE9D420002ABD8 /* QRCodeReaderViewController.m */,
				607CC5291CBE9D420002ABD8 /* QRScanView.h */,
				607CC52A1CBE9D420002ABD8 /* QRScanView.m */,
				607CC52B1CBE9D420002ABD8 /* Resources */,
			);
			name = AVDeviceQR;
			path = ../AVDeviceQR;
			sourceTree = "<group>";
		};
		607CC5201CBE9D420002ABD8 /* QRCodeReaderView */ = {
			isa = PBXGroup;
			children = (
				607CC5211CBE9D420002ABD8 /* QRCodeReaderAanimationLineView.h */,
				607CC5221CBE9D420002ABD8 /* QRCodeReaderAanimationLineView.m */,
				607CC5231CBE9D420002ABD8 /* QRCodeReaderMaskView.h */,
				607CC5241CBE9D420002ABD8 /* QRCodeReaderMaskView.m */,
				607CC5251CBE9D420002ABD8 /* QRCodeReaderView.h */,
				607CC5261CBE9D420002ABD8 /* QRCodeReaderView.m */,
			);
			path = QRCodeReaderView;
			sourceTree = "<group>";
		};
		607CC52B1CBE9D420002ABD8 /* Resources */ = {
			isa = PBXGroup;
			children = (
				607CC52C1CBE9D420002ABD8 /* QRCodeBottomLeft@2x.png */,
				607CC52D1CBE9D420002ABD8 /* QRCodeBottomLeft@3x.png */,
				607CC52E1CBE9D420002ABD8 /* QRCodeBottomRight@2x.png */,
				607CC52F1CBE9D420002ABD8 /* QRCodeBottomRight@3x.png */,
				607CC5301CBE9D420002ABD8 /* QRCodeLine@2x.png */,
				607CC5311CBE9D420002ABD8 /* QRCodeLine@3x.png */,
				607CC5321CBE9D420002ABD8 /* QRCodeTopLeft@2x.png */,
				607CC5331CBE9D420002ABD8 /* QRCodeTopLeft@3x.png */,
				607CC5341CBE9D420002ABD8 /* QRCodeTopRight@2x.png */,
				607CC5351CBE9D420002ABD8 /* QRCodeTopRight@3x.png */,
			);
			path = Resources;
			sourceTree = "<group>";
		};
		609A13721CBFEAE5002501CC /* Crawler-master */ = {
			isa = PBXGroup;
			children = (
				609A13731CBFEAE5002501CC /* Crawler */,
			);
			name = "Crawler-master";
			path = "../Crawler-master";
			sourceTree = "<group>";
		};
		609A13731CBFEAE5002501CC /* Crawler */ = {
			isa = PBXGroup;
			children = (
				609A13741CBFEAE5002501CC /* Crawler */,
			);
			path = Crawler;
			sourceTree = "<group>";
		};
		609A13741CBFEAE5002501CC /* Crawler */ = {
			isa = PBXGroup;
			children = (
				609A137F1CBFEAE5002501CC /* CrawlersViewController.h */,
				609A13801CBFEAE5002501CC /* CrawlersViewController.m */,
				609A13A81CBFFB32002501CC /* CrawlerWebList.plist */,
				609A139F1CBFEFB2002501CC /* CrawlersCollectionViewCell.h */,
				609A13A01CBFEFB2002501CC /* CrawlersCollectionViewCell.m */,
				609A13831CBFEAE5002501CC /* TFhpple */,
			);
			path = Crawler;
			sourceTree = "<group>";
		};
		609A13831CBFEAE5002501CC /* TFhpple */ = {
			isa = PBXGroup;
			children = (
				609A13841CBFEAE5002501CC /* TFHpple.h */,
				609A13851CBFEAE5002501CC /* TFHpple.m */,
				609A13861CBFEAE5002501CC /* TFHppleElement.h */,
				609A13871CBFEAE5002501CC /* TFHppleElement.m */,
				609A13881CBFEAE5002501CC /* XPathQuery.h */,
				609A13891CBFEAE5002501CC /* XPathQuery.m */,
			);
			path = TFhpple;
			sourceTree = "<group>";
		};
		73DECF72CB944DEF10215D65 /* Frameworks */ = {
			isa = PBXGroup;
			children = (
				60756D461CC354FC00CE8EC1 /* libstdc++.tbd */,
				60756D441CC354E800CE8EC1 /* CoreGraphics.framework */,
				60756D421CC354DA00CE8EC1 /* libiconv.tbd */,
				60756D401CC354CA00CE8EC1 /* Security.framework */,
				609A13A41CBFF5DF002501CC /* libxml2.2.tbd */,
				609A13A21CBFF5C2002501CC /* libxml2.tbd */,
				60BB92A61CBA855100872C3A /* SystemConfiguration.framework */,
				60BB92A41CBA854500872C3A /* libsqlite3.tbd */,
				60BB92A21CBA853B00872C3A /* libz.tbd */,
				60BB92A01CBA853300872C3A /* libc++.tbd */,
				60BB929E1CBA851900872C3A /* CoreTelephony.framework */,
				60BB929C1CBA851300872C3A /* CoreText.framework */,
				C260A894172C25BFD633A2A9 /* libPods.a */,
			);
			name = Frameworks;
			sourceTree = "<group>";
		};
		88186D051CDDD66E009DFC99 /* WebView */ = {
			isa = PBXGroup;
			children = (
				607CC5181CBE9D420002ABD8 /* AVDeviceQR */,
				607CC50A1CBE9D420002ABD8 /* ADWebviewController */,
				60DEC5611CCCD004005A8F49 /* MyWebViewController.h */,
				60DEC5621CCCD004005A8F49 /* MyWebViewController.m */,
				88E7E1811CBE447400650890 /* RxWebViewController */,
				88E7E1931CBE456000650890 /* MyWebViewNavigationController.h */,
				88E7E1941CBE456000650890 /* MyWebViewNavigationController.m */,
			);
			name = WebView;
			path = ../webView;
			sourceTree = "<group>";
		};
		88186D061CDDD70C009DFC99 /* Common */ = {
			isa = PBXGroup;
			children = (
				609A13721CBFEAE5002501CC /* Crawler-master */,
				60BB90A41CB96C5E00872C3A /* CommonHeader.h */,
				6021B26C1CB8072C003D2353 /* BaseViewController.h */,
				6021B26D1CB8072C003D2353 /* BaseViewController.m */,
				883977AD1CC6063E00272882 /* Cache */,
				88186D051CDDD66E009DFC99 /* WebView */,
				88186D081CDDD717009DFC99 /* ShareInstance.h */,
				88186D091CDDD717009DFC99 /* ShareInstance.m */,
				88186D0A1CDDD717009DFC99 /* ServiceManager.h */,
				88186D071CDDD717009DFC99 /* ServiceManager.m */,
			);
			path = Common;
			sourceTree = "<group>";
		};
		883977AD1CC6063E00272882 /* Cache */ = {
			isa = PBXGroup;
			children = (
				8816F3331CC8B9810010DBFB /* UserInfoManager.h */,
				8816F3341CC8B9810010DBFB /* UserInfoManager.m */,
				88E9D1EA1CD2398200D66FEF /* RateManager.h */,
				88E9D1EB1CD2398200D66FEF /* RateManager.m */,
			);
			name = Cache;
			path = ../Cache;
			sourceTree = "<group>";
		};
		886E1A3E1CBD17FF002FB168 /* Resources */ = {
			isa = PBXGroup;
			children = (
				88AC448B1CDE039F00154298 /* Launch Screen.storyboard */,
				88D1D69E1CE1B7BF0003A64C /* Main.storyboard */,
				88AC44881CDE032B00154298 /* Localizable.strings */,
				88C2774F1CDE156A00388B03 /* InfoPlist.strings */,
			);
			path = Resources;
			sourceTree = "<group>";
		};
		88D1D6481CE1A5800003A64C /* VC */ = {
			isa = PBXGroup;
			children = (
				88D1D6551CE1A7760003A64C /* Share */,
				88D1D6541CE1A6410003A64C /* EmotionList */,
				88D1D6531CE1A62E0003A64C /* Browser */,
				88D1D6521CE1A6240003A64C /* Collection */,
				88D1D64F1CE1A60E0003A64C /* CollectionViewController.h */,
				88D1D6501CE1A60E0003A64C /* CollectionViewController.m */,
				88D1D64C1CE1A5BB0003A64C /* IndexViewController.h */,
				88D1D64D1CE1A5BB0003A64C /* IndexViewController.m */,
				88D1D6491CE1A59E0003A64C /* BrowserViewController.h */,
				88D1D64A1CE1A5A50003A64C /* BrowserViewController.m */,
			);
			path = VC;
			sourceTree = "<group>";
		};
		88D1D6521CE1A6240003A64C /* Collection */ = {
			isa = PBXGroup;
			children = (
				88D1D6AA1CE1D8760003A64C /* MyCollectionViewController.h */,
				88D1D6AB1CE1D8760003A64C /* MyCollectionViewController.m */,
				88D1D67F1CE1B2940003A64C /* AddFromAlbumCell.h */,
				88D1D6801CE1B2940003A64C /* AddFromAlbumCell.m */,
				88D1D6AD1CE1D8E00003A64C /* AddFromAlbumCell.xib */,
				88D1D6811CE1B2940003A64C /* FullImageViewController.h */,
				88D1D6821CE1B2940003A64C /* FullImageViewController.m */,
				88D1D6831CE1B2940003A64C /* FullScreenImageView.h */,
				88D1D6841CE1B2940003A64C /* FullScreenImageView.m */,
			);
			path = Collection;
			sourceTree = "<group>";
		};
		88D1D6531CE1A62E0003A64C /* Browser */ = {
			isa = PBXGroup;
			children = (
				88D1D68D1CE1B2CC0003A64C /* BrowserTableViewCell.h */,
				88D1D68E1CE1B2CC0003A64C /* BrowserTableViewCell.m */,
				887D64CA1CE1E5DA00025CBD /* BrowserTableViewCell.xib */,
			);
			path = Browser;
			sourceTree = "<group>";
		};
		88D1D6541CE1A6410003A64C /* EmotionList */ = {
			isa = PBXGroup;
			children = (
				88D1D6601CE1ADEB0003A64C /* IndexListViewController.h */,
				88D1D6611CE1ADEB0003A64C /* IndexListViewController.m */,
				88D1D6651CE1AFBA0003A64C /* SubListViewController.h */,
				88D1D6661CE1AFBA0003A64C /* SubListViewController.m */,
				88D1D6631CE1AFBA0003A64C /* SubListCollectionViewCell.h */,
				88D1D6641CE1AFBA0003A64C /* SubListCollectionViewCell.m */,
				88D1D66B1CE1B1B00003A64C /* SubListCollectionViewCell.xib */,
				88D1D66D1CE1B1DA0003A64C /* SearchEmotionController.h */,
				88D1D66E1CE1B1DA0003A64C /* SearchEmotionController.m */,
				88D1D6731CE1B21F0003A64C /* SearchEmotionCollectionReusableView.h */,
				88D1D6741CE1B21F0003A64C /* SearchEmotionCollectionReusableView.m */,
				88D1D6761CE1B24D0003A64C /* ListDetailViewController.h */,
				88D1D6771CE1B24D0003A64C /* ListDetailViewController.m */,
				88D1D6781CE1B24D0003A64C /* RssCollectionViewCell.h */,
				88D1D6791CE1B24D0003A64C /* RssCollectionViewCell.m */,
				88D1D69C1CE1B77C0003A64C /* RssCollectionViewCell.xib */,
				88D1D67A1CE1B24D0003A64C /* RssViewController.h */,
				88D1D67B1CE1B24D0003A64C /* RssViewController.m */,
			);
			path = EmotionList;
			sourceTree = "<group>";
		};
		88D1D6551CE1A7760003A64C /* Share */ = {
			isa = PBXGroup;
			children = (
				88D1D6561CE1A7840003A64C /* MakaShareItemView.h */,
				88D1D6571CE1A7840003A64C /* MakaShareItemView.m */,
				887D64CC1CE1EA6600025CBD /* MakaShareItemView.xib */,
				88D1D6581CE1A7840003A64C /* MakaShareUtil.h */,
				88D1D6591CE1A7840003A64C /* MakaShareUtil.m */,
			);
			path = Share;
			sourceTree = "<group>";
		};
		88E7E1811CBE447400650890 /* RxWebViewController */ = {
			isa = PBXGroup;
			children = (
				88E7E1821CBE447400650890 /* backItemImage@2x.png */,
				88E7E1831CBE447400650890 /* backItemImage_hl@2x.png */,
				88E7E1891CBE447400650890 /* RxWebViewController.h */,
				88E7E18A1CBE447400650890 /* RxWebViewController.m */,
				88E7E18B1CBE447400650890 /* RxWebViewNavigationViewController.h */,
				88E7E18C1CBE447400650890 /* RxWebViewNavigationViewController.m */,
			);
			name = RxWebViewController;
			path = ../RxWebViewController;
			sourceTree = "<group>";
		};
		F7E9E6FCE66DC04D2F96D8DF /* Pods */ = {
			isa = PBXGroup;
			children = (
				CDC65A7F80B5D69DACC72F86 /* Pods.debug.xcconfig */,
				EC11DE4A1762CFDB331ACB00 /* Pods.release.xcconfig */,
			);
			name = Pods;
			sourceTree = "<group>";
		};
/* End PBXGroup section */

/* Begin PBXNativeTarget section */
		6021B24E1CB80558003D2353 /* BiaoQingBao */ = {
			isa = PBXNativeTarget;
			buildConfigurationList = 6021B2691CB80558003D2353 /* Build configuration list for PBXNativeTarget "BiaoQingBao" */;
			buildPhases = (
				B91C37EB836EFB202BB99A90 /* Check Pods Manifest.lock */,
				6021B24B1CB80558003D2353 /* Sources */,
				6021B24C1CB80558003D2353 /* Frameworks */,
				6021B24D1CB80558003D2353 /* Resources */,
				F75C697FA940AD028E6A1890 /* Embed Pods Frameworks */,
				FED152E241DB8CAF949C9488 /* Copy Pods Resources */,
			);
			buildRules = (
			);
			dependencies = (
			);
			name = BiaoQingBao;
			productName = BiaoQingBao;
			productReference = 6021B24F1CB80558003D2353 /* BiaoQingBao.app */;
			productType = "com.apple.product-type.application";
		};
/* End PBXNativeTarget section */

/* Begin PBXProject section */
		6021B2471CB80557003D2353 /* Project object */ = {
			isa = PBXProject;
			attributes = {
				LastUpgradeCheck = 0730;
				ORGANIZATIONNAME = maka;
				TargetAttributes = {
					6021B24E1CB80558003D2353 = {
						CreatedOnToolsVersion = 7.2;
						DevelopmentTeam = K2H985CFL4;
					};
				};
			};
			buildConfigurationList = 6021B24A1CB80558003D2353 /* Build configuration list for PBXProject "BiaoQingBao" */;
			compatibilityVersion = "Xcode 3.2";
			developmentRegion = English;
			hasScannedForEncodings = 0;
			knownRegions = (
				en,
				"zh-Hans",
				ja,
				ko,
				es,
				fr,
				de,
				it,
			);
			mainGroup = 6021B2461CB80557003D2353;
			productRefGroup = 6021B2501CB80558003D2353 /* Products */;
			projectDirPath = "";
			projectRoot = "";
			targets = (
				6021B24E1CB80558003D2353 /* BiaoQingBao */,
			);
		};
/* End PBXProject section */

/* Begin PBXResourcesBuildPhase section */
		6021B24D1CB80558003D2353 /* Resources */ = {
			isa = PBXResourcesBuildPhase;
			buildActionMask = 2147483647;
			files = (
				887D64CD1CE1EA6600025CBD /* MakaShareItemView.xib in Resources */,
				609A13A91CBFFB32002501CC /* CrawlerWebList.plist in Resources */,
				88E7E18D1CBE447400650890 /* backItemImage@2x.png in Resources */,
				60756D511CC36B5500CE8EC1 /* read_me.txt in Resources */,
				887D64CB1CE1E5DA00025CBD /* BrowserTableViewCell.xib in Resources */,
				88D1D66C1CE1B1B00003A64C /* SubListCollectionViewCell.xib in Resources */,
				607CC5501CBE9D420002ABD8 /* QRCodeLine@3x.png in Resources */,
				607CC54D1CBE9D420002ABD8 /* QRCodeBottomRight@2x.png in Resources */,
				607CC54B1CBE9D420002ABD8 /* QRCodeBottomLeft@2x.png in Resources */,
				88C2774D1CDE156A00388B03 /* InfoPlist.strings in Resources */,
				88AC448F1CDE039F00154298 /* Launch Screen.storyboard in Resources */,
				88D1D69D1CE1B77C0003A64C /* RssCollectionViewCell.xib in Resources */,
				88E7E18E1CBE447400650890 /* backItemImage_hl@2x.png in Resources */,
				607CC54E1CBE9D420002ABD8 /* QRCodeBottomRight@3x.png in Resources */,
				607CC5531CBE9D420002ABD8 /* QRCodeTopRight@2x.png in Resources */,
				88AC44861CDE032B00154298 /* Localizable.strings in Resources */,
				607CC54F1CBE9D420002ABD8 /* QRCodeLine@2x.png in Resources */,
				607CC5511CBE9D420002ABD8 /* QRCodeTopLeft@2x.png in Resources */,
				6021B2621CB80558003D2353 /* Assets.xcassets in Resources */,
				607CC54C1CBE9D420002ABD8 /* QRCodeBottomLeft@3x.png in Resources */,
				607CC5541CBE9D420002ABD8 /* QRCodeTopRight@3x.png in Resources */,
				88D1D69F1CE1B7BF0003A64C /* Main.storyboard in Resources */,
				88D1D6AE1CE1D8E00003A64C /* AddFromAlbumCell.xib in Resources */,
				607CC5521CBE9D420002ABD8 /* QRCodeTopLeft@3x.png in Resources */,
			);
			runOnlyForDeploymentPostprocessing = 0;
		};
/* End PBXResourcesBuildPhase section */

/* Begin PBXShellScriptBuildPhase section */
		B91C37EB836EFB202BB99A90 /* Check Pods Manifest.lock */ = {
			isa = PBXShellScriptBuildPhase;
			buildActionMask = 2147483647;
			files = (
			);
			inputPaths = (
			);
			name = "Check Pods Manifest.lock";
			outputPaths = (
			);
			runOnlyForDeploymentPostprocessing = 0;
			shellPath = /bin/sh;
			shellScript = "diff \"${PODS_ROOT}/../Podfile.lock\" \"${PODS_ROOT}/Manifest.lock\" > /dev/null\nif [[ $? != 0 ]] ; then\n    cat << EOM\nerror: The sandbox is not in sync with the Podfile.lock. Run 'pod install' or update your CocoaPods installation.\nEOM\n    exit 1\nfi\n";
			showEnvVarsInLog = 0;
		};
		F75C697FA940AD028E6A1890 /* Embed Pods Frameworks */ = {
			isa = PBXShellScriptBuildPhase;
			buildActionMask = 2147483647;
			files = (
			);
			inputPaths = (
			);
			name = "Embed Pods Frameworks";
			outputPaths = (
			);
			runOnlyForDeploymentPostprocessing = 0;
			shellPath = /bin/sh;
			shellScript = "\"${SRCROOT}/Pods/Target Support Files/Pods/Pods-frameworks.sh\"\n";
			showEnvVarsInLog = 0;
		};
		FED152E241DB8CAF949C9488 /* Copy Pods Resources */ = {
			isa = PBXShellScriptBuildPhase;
			buildActionMask = 2147483647;
			files = (
			);
			inputPaths = (
			);
			name = "Copy Pods Resources";
			outputPaths = (
			);
			runOnlyForDeploymentPostprocessing = 0;
			shellPath = /bin/sh;
			shellScript = "\"${SRCROOT}/Pods/Target Support Files/Pods/Pods-resources.sh\"\n";
			showEnvVarsInLog = 0;
		};
/* End PBXShellScriptBuildPhase section */

/* Begin PBXSourcesBuildPhase section */
		6021B24B1CB80558003D2353 /* Sources */ = {
			isa = PBXSourcesBuildPhase;
			buildActionMask = 2147483647;
			files = (
				6021B2601CB80558003D2353 /* BiaoQingBao.xcdatamodeld in Sources */,
				88D1D65B1CE1A7840003A64C /* MakaShareUtil.m in Sources */,
				88FB2D951CD0AAEA00661689 /* ADRuntimeClass.m in Sources */,
				607CC5421CBE9D420002ABD8 /* TOWebViewController+QRCodeHelper.m in Sources */,
				88D1D6671CE1AFBA0003A64C /* SubListCollectionViewCell.m in Sources */,
				88D1D6681CE1AFBA0003A64C /* SubListViewController.m in Sources */,
				88D1D6621CE1ADEB0003A64C /* IndexListViewController.m in Sources */,
				609A139A1CBFEAE5002501CC /* XPathQuery.m in Sources */,
				88E7E1951CBE456000650890 /* MyWebViewNavigationController.m in Sources */,
				607CC5491CBE9D420002ABD8 /* QRCodeReaderViewController.m in Sources */,
				60DEC5631CCCD004005A8F49 /* MyWebViewController.m in Sources */,
				88FB2D991CD0AAEA00661689 /* RNCachingURLProtocol.m in Sources */,
				607CC5471CBE9D420002ABD8 /* QRCodeReaderMaskView.m in Sources */,
				88D1D6881CE1B2940003A64C /* FullImageViewController.m in Sources */,
				24EAA00C1CE38DAB0098755D /* TOWebViewController+QRCodeHelper.m in Sources */,
				24EAA0071CE38DAB0098755D /* ADRuntimeClass.m in Sources */,
				6021B26E1CB8072C003D2353 /* BaseViewController.m in Sources */,
				88D1D6871CE1B2940003A64C /* AddFromAlbumCell.m in Sources */,
				24EAA00B1CE38DAB0098755D /* RNCachingURLProtocol.m in Sources */,
				607CC5441CBE9D420002ABD8 /* QRCameraSwitchButton.m in Sources */,
				6021B2571CB80558003D2353 /* AppDelegate.m in Sources */,
				24EAA0091CE38DAB0098755D /* NSString+Sha1.m in Sources */,
				607CC5461CBE9D420002ABD8 /* QRCodeReaderAanimationLineView.m in Sources */,
				607CC5451CBE9D420002ABD8 /* QRCodeReader.m in Sources */,
				88E7E1911CBE447400650890 /* RxWebViewController.m in Sources */,
				24EAA0081CE38DAB0098755D /* ADWebviewController.m in Sources */,
				607CC5481CBE9D420002ABD8 /* QRCodeReaderView.m in Sources */,
				88D1D6901CE1B2CC0003A64C /* BrowserTableViewCell.m in Sources */,
				88D1D6AC1CE1D8760003A64C /* MyCollectionViewController.m in Sources */,
				88D1D67C1CE1B24D0003A64C /* ListDetailViewController.m in Sources */,
				607CC5431CBE9D420002ABD8 /* AVDeviceQRController.m in Sources */,
				609A13A11CBFEFB2002501CC /* CrawlersCollectionViewCell.m in Sources */,
				88D1D6891CE1B2940003A64C /* FullScreenImageView.m in Sources */,
				88D1D64B1CE1A5A50003A64C /* BrowserViewController.m in Sources */,
				88E7E1921CBE447400650890 /* RxWebViewNavigationViewController.m in Sources */,
				88D1D66F1CE1B1DA0003A64C /* SearchEmotionController.m in Sources */,
				88186D0C1CDDD717009DFC99 /* ShareInstance.m in Sources */,
				609A13991CBFEAE5002501CC /* TFHppleElement.m in Sources */,
				8816F3351CC8B9810010DBFB /* UserInfoManager.m in Sources */,
				609A13951CBFEAE5002501CC /* CrawlersViewController.m in Sources */,
				88FB2D971CD0AAEA00661689 /* NSString+Sha1.m in Sources */,
				88499F2F1CBBB3AB008E8487 /* FactoryJotViewController.m in Sources */,
				609A13981CBFEAE5002501CC /* TFHpple.m in Sources */,
				88D1D64E1CE1A5BB0003A64C /* IndexViewController.m in Sources */,
				88FB2D961CD0AAEA00661689 /* ADWebviewController.m in Sources */,
				88E9D1EC1CD2398200D66FEF /* RateManager.m in Sources */,
				88D1D67D1CE1B24D0003A64C /* RssCollectionViewCell.m in Sources */,
				88186D0B1CDDD717009DFC99 /* ServiceManager.m in Sources */,
				88D1D6751CE1B21F0003A64C /* SearchEmotionCollectionReusableView.m in Sources */,
				6021B2541CB80558003D2353 /* main.m in Sources */,
				88FB2D981CD0AAEA00661689 /* Reachability.m in Sources */,
				88D1D67E1CE1B24D0003A64C /* RssViewController.m in Sources */,
				607CC54A1CBE9D420002ABD8 /* QRScanView.m in Sources */,
				88D1D65A1CE1A7840003A64C /* MakaShareItemView.m in Sources */,
				24EAA00A1CE38DAB0098755D /* Reachability.m in Sources */,
				88D1D6511CE1A60E0003A64C /* CollectionViewController.m in Sources */,
			);
			runOnlyForDeploymentPostprocessing = 0;
		};
/* End PBXSourcesBuildPhase section */

/* Begin PBXVariantGroup section */
		88AC44881CDE032B00154298 /* Localizable.strings */ = {
			isa = PBXVariantGroup;
			children = (
				88AC44871CDE032B00154298 /* en */,
				88AC449D1CDE03B900154298 /* zh-Hans */,
				88AC449E1CDE03BE00154298 /* ja */,
				88AC449F1CDE03C300154298 /* ko */,
				88AC44A01CDE03EF00154298 /* es */,
				88AC44A11CDE03F500154298 /* fr */,
				88AC44A21CDE03F900154298 /* de */,
				88AC44A31CDE041E00154298 /* it */,
			);
			name = Localizable.strings;
			sourceTree = "<group>";
		};
		88C2774F1CDE156A00388B03 /* InfoPlist.strings */ = {
			isa = PBXVariantGroup;
			children = (
				88C2774E1CDE156A00388B03 /* en */,
				88C277501CDE156C00388B03 /* zh-Hans */,
				88C277511CDE156D00388B03 /* ja */,
				88C277521CDE156E00388B03 /* ko */,
				88C277531CDE156F00388B03 /* es */,
				88C277541CDE157000388B03 /* fr */,
				88C277551CDE157100388B03 /* de */,
				88C277561CDE157200388B03 /* it */,
			);
			name = InfoPlist.strings;
			sourceTree = "<group>";
		};
/* End PBXVariantGroup section */

/* Begin XCBuildConfiguration section */
		6021B2671CB80558003D2353 /* Debug */ = {
			isa = XCBuildConfiguration;
			buildSettings = {
				ALWAYS_SEARCH_USER_PATHS = NO;
				CLANG_CXX_LANGUAGE_STANDARD = "gnu++0x";
				CLANG_CXX_LIBRARY = "libc++";
				CLANG_ENABLE_MODULES = YES;
				CLANG_ENABLE_OBJC_ARC = YES;
				CLANG_WARN_BOOL_CONVERSION = YES;
				CLANG_WARN_CONSTANT_CONVERSION = YES;
				CLANG_WARN_DIRECT_OBJC_ISA_USAGE = YES_ERROR;
				CLANG_WARN_EMPTY_BODY = YES;
				CLANG_WARN_ENUM_CONVERSION = YES;
				CLANG_WARN_INT_CONVERSION = YES;
				CLANG_WARN_OBJC_ROOT_CLASS = YES_ERROR;
				CLANG_WARN_UNREACHABLE_CODE = YES;
				CLANG_WARN__DUPLICATE_METHOD_MATCH = YES;
				CODE_SIGN_IDENTITY = "iPhone Developer";
				"CODE_SIGN_IDENTITY[sdk=iphoneos*]" = "iPhone Developer";
				COPY_PHASE_STRIP = NO;
				DEBUG_INFORMATION_FORMAT = dwarf;
				ENABLE_STRICT_OBJC_MSGSEND = YES;
				ENABLE_TESTABILITY = YES;
				GCC_C_LANGUAGE_STANDARD = gnu99;
				GCC_DYNAMIC_NO_PIC = NO;
				GCC_NO_COMMON_BLOCKS = YES;
				GCC_OPTIMIZATION_LEVEL = 0;
				GCC_PREPROCESSOR_DEFINITIONS = (
					"DEBUG=1",
					"$(inherited)",
				);
				GCC_WARN_64_TO_32_BIT_CONVERSION = YES;
				GCC_WARN_ABOUT_RETURN_TYPE = YES_ERROR;
				GCC_WARN_UNDECLARED_SELECTOR = YES;
				GCC_WARN_UNINITIALIZED_AUTOS = YES_AGGRESSIVE;
				GCC_WARN_UNUSED_FUNCTION = YES;
				GCC_WARN_UNUSED_VARIABLE = YES;
				IPHONEOS_DEPLOYMENT_TARGET = 7.0;
				MTL_ENABLE_DEBUG_INFO = YES;
				ONLY_ACTIVE_ARCH = YES;
				PROVISIONING_PROFILE = "";
				SDKROOT = iphoneos;
				TARGETED_DEVICE_FAMILY = "1,2";
			};
			name = Debug;
		};
		6021B2681CB80558003D2353 /* Release */ = {
			isa = XCBuildConfiguration;
			buildSettings = {
				ALWAYS_SEARCH_USER_PATHS = NO;
				CLANG_CXX_LANGUAGE_STANDARD = "gnu++0x";
				CLANG_CXX_LIBRARY = "libc++";
				CLANG_ENABLE_MODULES = YES;
				CLANG_ENABLE_OBJC_ARC = YES;
				CLANG_WARN_BOOL_CONVERSION = YES;
				CLANG_WARN_CONSTANT_CONVERSION = YES;
				CLANG_WARN_DIRECT_OBJC_ISA_USAGE = YES_ERROR;
				CLANG_WARN_EMPTY_BODY = YES;
				CLANG_WARN_ENUM_CONVERSION = YES;
				CLANG_WARN_INT_CONVERSION = YES;
				CLANG_WARN_OBJC_ROOT_CLASS = YES_ERROR;
				CLANG_WARN_UNREACHABLE_CODE = YES;
				CLANG_WARN__DUPLICATE_METHOD_MATCH = YES;
				CODE_SIGN_IDENTITY = "iPhone Developer";
				"CODE_SIGN_IDENTITY[sdk=iphoneos*]" = "iPhone Developer";
				COPY_PHASE_STRIP = NO;
				DEBUG_INFORMATION_FORMAT = "dwarf-with-dsym";
				ENABLE_NS_ASSERTIONS = NO;
				ENABLE_STRICT_OBJC_MSGSEND = YES;
				GCC_C_LANGUAGE_STANDARD = gnu99;
				GCC_NO_COMMON_BLOCKS = YES;
				GCC_WARN_64_TO_32_BIT_CONVERSION = YES;
				GCC_WARN_ABOUT_RETURN_TYPE = YES_ERROR;
				GCC_WARN_UNDECLARED_SELECTOR = YES;
				GCC_WARN_UNINITIALIZED_AUTOS = YES_AGGRESSIVE;
				GCC_WARN_UNUSED_FUNCTION = YES;
				GCC_WARN_UNUSED_VARIABLE = YES;
				IPHONEOS_DEPLOYMENT_TARGET = 7.0;
				MTL_ENABLE_DEBUG_INFO = NO;
				PROVISIONING_PROFILE = "";
				SDKROOT = iphoneos;
				TARGETED_DEVICE_FAMILY = "1,2";
				VALIDATE_PRODUCT = YES;
			};
			name = Release;
		};
		6021B26A1CB80558003D2353 /* Debug */ = {
			isa = XCBuildConfiguration;
			baseConfigurationReference = CDC65A7F80B5D69DACC72F86 /* Pods.debug.xcconfig */;
			buildSettings = {
				ASSETCATALOG_COMPILER_APPICON_NAME = AppIcon;
				CODE_SIGN_IDENTITY = "iPhone Developer";
				"CODE_SIGN_IDENTITY[sdk=iphoneos*]" = "iPhone Developer";
				ENABLE_BITCODE = NO;
				FRAMEWORK_SEARCH_PATHS = (
					"$(inherited)",
					"$(PROJECT_DIR)/BiaoQingBao/umeng_ios_social_sdk_5.0.1_arm64_custom/UMSocial_Sdk_Extra_Frameworks/Facebook",
					"$(PROJECT_DIR)/BiaoQingBao/umeng_ios_social_sdk_5.0.1_arm64_custom/UMSocial_Sdk_Extra_Frameworks/TencentOpenAPI",
					"$(PROJECT_DIR)/BiaoQingBao/umeng_ios_social_sdk_5.0.1_arm64_custom/UMSocial_Sdk_Extra_Frameworks/Twitter",
					"$(PROJECT_DIR)/BiaoQingBao",
					"$(PROJECT_DIR)",
				);
				HEADER_SEARCH_PATHS = (
					"$(inherited)",
					"\"${PODS_ROOT}/Headers/Public\"",
					"\"${PODS_ROOT}/Headers/Public/BIZGrid4plus1CollectionViewLayout\"",
					"\"${PODS_ROOT}/Headers/Public/Bugly\"",
					"\"${PODS_ROOT}/Headers/Public/CCHexagonFlowLayout\"",
					"\"${PODS_ROOT}/Headers/Public/CMPopTipView\"",
					"\"${PODS_ROOT}/Headers/Public/COSTouchVisualizer\"",
					"\"${PODS_ROOT}/Headers/Public/CocoaLumberjack\"",
					"\"${PODS_ROOT}/Headers/Public/FLAnimatedImage\"",
					"\"${PODS_ROOT}/Headers/Public/FaceAwareFill\"",
					"\"${PODS_ROOT}/Headers/Public/Google-Mobile-Ads-SDK\"",
					"\"${PODS_ROOT}/Headers/Public/HMSegmentedControl\"",
					"\"${PODS_ROOT}/Headers/Public/JDStatusBarNotification\"",
					"\"${PODS_ROOT}/Headers/Public/LMDropdownView\"",
					"\"${PODS_ROOT}/Headers/Public/MBProgressHUD\"",
					"\"${PODS_ROOT}/Headers/Public/MJRefresh\"",
					"\"${PODS_ROOT}/Headers/Public/Masonry\"",
					"\"${PODS_ROOT}/Headers/Public/NHBalancedFlowLayout\"",
					"\"${PODS_ROOT}/Headers/Public/NKOColorPickerView\"",
					"\"${PODS_ROOT}/Headers/Public/PSCollectionView\"",
					"\"${PODS_ROOT}/Headers/Public/REMenu\"",
					"\"${PODS_ROOT}/Headers/Public/RESideMenu\"",
					"\"${PODS_ROOT}/Headers/Public/ReactiveCocoa\"",
					"\"${PODS_ROOT}/Headers/Public/ReactiveViewModel\"",
					"\"${PODS_ROOT}/Headers/Public/SCLAlertView-Objective-C\"",
					"\"${PODS_ROOT}/Headers/Public/SDWebImage\"",
					"\"${PODS_ROOT}/Headers/Public/SVProgressHUD\"",
					"\"${PODS_ROOT}/Headers/Public/TOWebViewController\"",
					"\"${PODS_ROOT}/Headers/Public/WebViewJavascriptBridge\"",
					"\"${PODS_ROOT}/Headers/Public/ZBarSDK\"",
					"\"${PODS_ROOT}/Headers/Public/ZFDragableModalTransition\"",
					"\"${PODS_ROOT}/Headers/Public/ZXingObjC\"",
					"\"${PODS_ROOT}/Headers/Public/iRate\"",
					"\"${PODS_ROOT}/Headers/Public/jot\"",
					"\"${PODS_ROOT}/Headers/Public/pop\"",
					/usr/include/libxml2,
				);
				INFOPLIST_FILE = BiaoQingBao/Info.plist;
				IPHONEOS_DEPLOYMENT_TARGET = 8.0;
				LD_RUNPATH_SEARCH_PATHS = "$(inherited) @executable_path/Frameworks";
				LIBRARY_SEARCH_PATHS = (
					"$(inherited)",
					"$(PROJECT_DIR)/BiaoQingBao/umeng_ios_social_sdk_5.0.1_arm64_custom/UMSocial_Sdk_5.0.1",
					"$(PROJECT_DIR)/BiaoQingBao/umeng_ios_social_sdk_5.0.1_arm64_custom/UMSocial_Sdk_Extra_Frameworks/Facebook",
					"$(PROJECT_DIR)/BiaoQingBao/umeng_ios_social_sdk_5.0.1_arm64_custom/UMSocial_Sdk_Extra_Frameworks/Instagram",
					"$(PROJECT_DIR)/BiaoQingBao/umeng_ios_social_sdk_5.0.1_arm64_custom/UMSocial_Sdk_Extra_Frameworks/LaiWang",
					"$(PROJECT_DIR)/BiaoQingBao/umeng_ios_social_sdk_5.0.1_arm64_custom/UMSocial_Sdk_Extra_Frameworks/Line",
					"$(PROJECT_DIR)/BiaoQingBao/umeng_ios_social_sdk_5.0.1_arm64_custom/UMSocial_Sdk_Extra_Frameworks/SinaSSO",
					"$(PROJECT_DIR)/BiaoQingBao/umeng_ios_social_sdk_5.0.1_arm64_custom/UMSocial_Sdk_Extra_Frameworks/TencentOpenAPI",
					"$(PROJECT_DIR)/BiaoQingBao/umeng_ios_social_sdk_5.0.1_arm64_custom/UMSocial_Sdk_Extra_Frameworks/Tumblr",
					"$(PROJECT_DIR)/BiaoQingBao/umeng_ios_social_sdk_5.0.1_arm64_custom/UMSocial_Sdk_Extra_Frameworks/Twitter",
					"$(PROJECT_DIR)/BiaoQingBao/umeng_ios_social_sdk_5.0.1_arm64_custom/UMSocial_Sdk_Extra_Frameworks/Wechat",
					"$(PROJECT_DIR)/BiaoQingBao/umeng_ios_social_sdk_5.0.1_arm64_custom/UMSocial_Sdk_Extra_Frameworks/Whatsapp",
					"$(PROJECT_DIR)/BiaoQingBao/umeng_ios_social_sdk_5.0.1_arm64_custom/UMSocial_Sdk_Extra_Frameworks/YiXin",
					"$(PROJECT_DIR)/SDK1.6.2",
				);
				PRODUCT_BUNDLE_IDENTIFIER = maka.gifBrowser;
				PRODUCT_NAME = "$(TARGET_NAME)";
				PROVISIONING_PROFILE = "ee4314c3-87b2-49c9-a61f-c923ea729c55";
			};
			name = Debug;
		};
		6021B26B1CB80558003D2353 /* Release */ = {
			isa = XCBuildConfiguration;
			baseConfigurationReference = EC11DE4A1762CFDB331ACB00 /* Pods.release.xcconfig */;
			buildSettings = {
				ASSETCATALOG_COMPILER_APPICON_NAME = AppIcon;
				CODE_SIGN_IDENTITY = "iPhone Developer";
				"CODE_SIGN_IDENTITY[sdk=iphoneos*]" = "iPhone Developer";
				ENABLE_BITCODE = NO;
				FRAMEWORK_SEARCH_PATHS = (
					"$(inherited)",
					"$(PROJECT_DIR)/BiaoQingBao/umeng_ios_social_sdk_5.0.1_arm64_custom/UMSocial_Sdk_Extra_Frameworks/Facebook",
					"$(PROJECT_DIR)/BiaoQingBao/umeng_ios_social_sdk_5.0.1_arm64_custom/UMSocial_Sdk_Extra_Frameworks/TencentOpenAPI",
					"$(PROJECT_DIR)/BiaoQingBao/umeng_ios_social_sdk_5.0.1_arm64_custom/UMSocial_Sdk_Extra_Frameworks/Twitter",
					"$(PROJECT_DIR)/BiaoQingBao",
					"$(PROJECT_DIR)",
				);
				HEADER_SEARCH_PATHS = (
					"$(inherited)",
					"\"${PODS_ROOT}/Headers/Public\"",
					"\"${PODS_ROOT}/Headers/Public/BIZGrid4plus1CollectionViewLayout\"",
					"\"${PODS_ROOT}/Headers/Public/Bugly\"",
					"\"${PODS_ROOT}/Headers/Public/CCHexagonFlowLayout\"",
					"\"${PODS_ROOT}/Headers/Public/CMPopTipView\"",
					"\"${PODS_ROOT}/Headers/Public/COSTouchVisualizer\"",
					"\"${PODS_ROOT}/Headers/Public/CocoaLumberjack\"",
					"\"${PODS_ROOT}/Headers/Public/FLAnimatedImage\"",
					"\"${PODS_ROOT}/Headers/Public/FaceAwareFill\"",
					"\"${PODS_ROOT}/Headers/Public/Google-Mobile-Ads-SDK\"",
					"\"${PODS_ROOT}/Headers/Public/HMSegmentedControl\"",
					"\"${PODS_ROOT}/Headers/Public/JDStatusBarNotification\"",
					"\"${PODS_ROOT}/Headers/Public/LMDropdownView\"",
					"\"${PODS_ROOT}/Headers/Public/MBProgressHUD\"",
					"\"${PODS_ROOT}/Headers/Public/MJRefresh\"",
					"\"${PODS_ROOT}/Headers/Public/Masonry\"",
					"\"${PODS_ROOT}/Headers/Public/NHBalancedFlowLayout\"",
					"\"${PODS_ROOT}/Headers/Public/NKOColorPickerView\"",
					"\"${PODS_ROOT}/Headers/Public/PSCollectionView\"",
					"\"${PODS_ROOT}/Headers/Public/REMenu\"",
					"\"${PODS_ROOT}/Headers/Public/RESideMenu\"",
					"\"${PODS_ROOT}/Headers/Public/ReactiveCocoa\"",
					"\"${PODS_ROOT}/Headers/Public/ReactiveViewModel\"",
					"\"${PODS_ROOT}/Headers/Public/SCLAlertView-Objective-C\"",
					"\"${PODS_ROOT}/Headers/Public/SDWebImage\"",
					"\"${PODS_ROOT}/Headers/Public/SVProgressHUD\"",
					"\"${PODS_ROOT}/Headers/Public/TOWebViewController\"",
					"\"${PODS_ROOT}/Headers/Public/WebViewJavascriptBridge\"",
					"\"${PODS_ROOT}/Headers/Public/ZBarSDK\"",
					"\"${PODS_ROOT}/Headers/Public/ZFDragableModalTransition\"",
					"\"${PODS_ROOT}/Headers/Public/ZXingObjC\"",
					"\"${PODS_ROOT}/Headers/Public/iRate\"",
					"\"${PODS_ROOT}/Headers/Public/jot\"",
					"\"${PODS_ROOT}/Headers/Public/pop\"",
					/usr/include/libxml2,
				);
				INFOPLIST_FILE = BiaoQingBao/Info.plist;
				IPHONEOS_DEPLOYMENT_TARGET = 8.0;
				LD_RUNPATH_SEARCH_PATHS = "$(inherited) @executable_path/Frameworks";
				LIBRARY_SEARCH_PATHS = (
					"$(inherited)",
					"$(PROJECT_DIR)/BiaoQingBao/umeng_ios_social_sdk_5.0.1_arm64_custom/UMSocial_Sdk_5.0.1",
					"$(PROJECT_DIR)/BiaoQingBao/umeng_ios_social_sdk_5.0.1_arm64_custom/UMSocial_Sdk_Extra_Frameworks/Facebook",
					"$(PROJECT_DIR)/BiaoQingBao/umeng_ios_social_sdk_5.0.1_arm64_custom/UMSocial_Sdk_Extra_Frameworks/Instagram",
					"$(PROJECT_DIR)/BiaoQingBao/umeng_ios_social_sdk_5.0.1_arm64_custom/UMSocial_Sdk_Extra_Frameworks/LaiWang",
					"$(PROJECT_DIR)/BiaoQingBao/umeng_ios_social_sdk_5.0.1_arm64_custom/UMSocial_Sdk_Extra_Frameworks/Line",
					"$(PROJECT_DIR)/BiaoQingBao/umeng_ios_social_sdk_5.0.1_arm64_custom/UMSocial_Sdk_Extra_Frameworks/SinaSSO",
					"$(PROJECT_DIR)/BiaoQingBao/umeng_ios_social_sdk_5.0.1_arm64_custom/UMSocial_Sdk_Extra_Frameworks/TencentOpenAPI",
					"$(PROJECT_DIR)/BiaoQingBao/umeng_ios_social_sdk_5.0.1_arm64_custom/UMSocial_Sdk_Extra_Frameworks/Tumblr",
					"$(PROJECT_DIR)/BiaoQingBao/umeng_ios_social_sdk_5.0.1_arm64_custom/UMSocial_Sdk_Extra_Frameworks/Twitter",
					"$(PROJECT_DIR)/BiaoQingBao/umeng_ios_social_sdk_5.0.1_arm64_custom/UMSocial_Sdk_Extra_Frameworks/Wechat",
					"$(PROJECT_DIR)/BiaoQingBao/umeng_ios_social_sdk_5.0.1_arm64_custom/UMSocial_Sdk_Extra_Frameworks/Whatsapp",
					"$(PROJECT_DIR)/BiaoQingBao/umeng_ios_social_sdk_5.0.1_arm64_custom/UMSocial_Sdk_Extra_Frameworks/YiXin",
					"$(PROJECT_DIR)/SDK1.6.2",
				);
				PRODUCT_BUNDLE_IDENTIFIER = maka.gifBrowser;
				PRODUCT_NAME = "$(TARGET_NAME)";
				PROVISIONING_PROFILE = "ee4314c3-87b2-49c9-a61f-c923ea729c55";
			};
			name = Release;
		};
/* End XCBuildConfiguration section */

/* Begin XCConfigurationList section */
		6021B24A1CB80558003D2353 /* Build configuration list for PBXProject "BiaoQingBao" */ = {
			isa = XCConfigurationList;
			buildConfigurations = (
				6021B2671CB80558003D2353 /* Debug */,
				6021B2681CB80558003D2353 /* Release */,
			);
			defaultConfigurationIsVisible = 0;
			defaultConfigurationName = Release;
		};
		6021B2691CB80558003D2353 /* Build configuration list for PBXNativeTarget "BiaoQingBao" */ = {
			isa = XCConfigurationList;
			buildConfigurations = (
				6021B26A1CB80558003D2353 /* Debug */,
				6021B26B1CB80558003D2353 /* Release */,
			);
			defaultConfigurationIsVisible = 0;
			defaultConfigurationName = Release;
		};
/* End XCConfigurationList section */

/* Begin XCVersionGroup section */
		6021B25E1CB80558003D2353 /* BiaoQingBao.xcdatamodeld */ = {
			isa = XCVersionGroup;
			children = (
				6021B25F1CB80558003D2353 /* BiaoQingBao.xcdatamodel */,
			);
			currentVersion = 6021B25F1CB80558003D2353 /* BiaoQingBao.xcdatamodel */;
			path = BiaoQingBao.xcdatamodeld;
			sourceTree = "<group>";
			versionGroupType = wrapper.xcdatamodel;
		};
/* End XCVersionGroup section */
	};
	rootObject = 6021B2471CB80557003D2353 /* Project object */;
}
